// !$*UTF8*$!
{
	archiveVersion = 1;
	classes = {
	};
	objectVersion = 46;
	objects = {

/* Begin PBXBuildFile section */
		451FA2721F13430300C43BE9 /* camera.cpp in Sources */ = {isa = PBXBuildFile; fileRef = 451FA2701F13430300C43BE9 /* camera.cpp */; };
		451FA28D1F149B2200C43BE9 /* sprites.atlas in Resources */ = {isa = PBXBuildFile; fileRef = 451FA2891F149B2200C43BE9 /* sprites.atlas */; };
		451FA28E1F149B2200C43BE9 /* sprites.png in Resources */ = {isa = PBXBuildFile; fileRef = 451FA28A1F149B2200C43BE9 /* sprites.png */; };
		451FA2911F15D0AD00C43BE9 /* simple entity.cpp in Sources */ = {isa = PBXBuildFile; fileRef = 451FA28F1F15D0AD00C43BE9 /* simple entity.cpp */; };
		4592BAD91F11B48F00D1640D /* Assets.xcassets in Resources */ = {isa = PBXBuildFile; fileRef = 4592BAD81F11B48F00D1640D /* Assets.xcassets */; };
		4592BAE41F11B51400D1640D /* main.cpp in Sources */ = {isa = PBXBuildFile; fileRef = 4592BAE31F11B51400D1640D /* main.cpp */; };
		4592BAF61F11D71600D1640D /* libSDL2-2.0.0.dylib in Frameworks */ = {isa = PBXBuildFile; fileRef = 4592BAF51F11D71600D1640D /* libSDL2-2.0.0.dylib */; };
		4592BAF81F11D72B00D1640D /* libSDL2_ttf-2.0.0.dylib in Frameworks */ = {isa = PBXBuildFile; fileRef = 4592BAF71F11D72B00D1640D /* libSDL2_ttf-2.0.0.dylib */; };
		4592BAFA1F11D75200D1640D /* libSimpleton Engine.dylib in Frameworks */ = {isa = PBXBuildFile; fileRef = 4592BAF91F11D75200D1640D /* libSimpleton Engine.dylib */; };
		4592BAFD1F11D84300D1640D /* app impl.cpp in Sources */ = {isa = PBXBuildFile; fileRef = 4592BAFB1F11D84300D1640D /* app impl.cpp */; };
		4592BB211F12195000D1640D /* entity.cpp in Sources */ = {isa = PBXBuildFile; fileRef = 4592BB1F1F12195000D1640D /* entity.cpp */; };
		4592BB271F13156E00D1640D /* game logic.cpp in Sources */ = {isa = PBXBuildFile; fileRef = 4592BB251F13156E00D1640D /* game logic.cpp */; };
		4592BB2A1F13166100D1640D /* game view.cpp in Sources */ = {isa = PBXBuildFile; fileRef = 4592BB281F13166100D1640D /* game view.cpp */; };
		4592BB2C1F1319D400D1640D /* libUnpacker.dylib in Frameworks */ = {isa = PBXBuildFile; fileRef = 4592BB2B1F1319D400D1640D /* libUnpacker.dylib */; };
		45F3DB211F15DBB50058D36B /* entity view.cpp in Sources */ = {isa = PBXBuildFile; fileRef = 45F3DB1F1F15DBB50058D36B /* entity view.cpp */; };
		45F3DB241F15DCA00058D36B /* rendering context.cpp in Sources */ = {isa = PBXBuildFile; fileRef = 45F3DB221F15DC9F0058D36B /* rendering context.cpp */; };
		45F3DB271F15E84A0058D36B /* entity controller.cpp in Sources */ = {isa = PBXBuildFile; fileRef = 45F3DB251F15E84A0058D36B /* entity controller.cpp */; };
		45F3DB2A1F15E8930058D36B /* simple entity view.cpp in Sources */ = {isa = PBXBuildFile; fileRef = 45F3DB281F15E8930058D36B /* simple entity view.cpp */; };
		45F3DB311F15EA670058D36B /* local entity controller.cpp in Sources */ = {isa = PBXBuildFile; fileRef = 45F3DB2F1F15EA670058D36B /* local entity controller.cpp */; };
		45F3DB341F15EF490058D36B /* local entity controller manager.cpp in Sources */ = {isa = PBXBuildFile; fileRef = 45F3DB321F15EF490058D36B /* local entity controller manager.cpp */; };
		45F3DB371F15EF640058D36B /* simple entity controller.cpp in Sources */ = {isa = PBXBuildFile; fileRef = 45F3DB351F15EF640058D36B /* simple entity controller.cpp */; };
/* End PBXBuildFile section */

/* Begin PBXFileReference section */
		451FA2701F13430300C43BE9 /* camera.cpp */ = {isa = PBXFileReference; fileEncoding = 4; lastKnownFileType = sourcecode.cpp.cpp; path = camera.cpp; sourceTree = "<group>"; };
		451FA2711F13430300C43BE9 /* camera.hpp */ = {isa = PBXFileReference; fileEncoding = 4; lastKnownFileType = sourcecode.cpp.h; path = camera.hpp; sourceTree = "<group>"; };
		451FA2871F149B2200C43BE9 /* config.yaml */ = {isa = PBXFileReference; fileEncoding = 4; lastKnownFileType = text; path = config.yaml; sourceTree = "<group>"; };
		451FA2881F149B2200C43BE9 /* rat.png */ = {isa = PBXFileReference; lastKnownFileType = image.png; path = rat.png; sourceTree = "<group>"; };
		451FA2891F149B2200C43BE9 /* sprites.atlas */ = {isa = PBXFileReference; lastKnownFileType = file; path = sprites.atlas; sourceTree = "<group>"; };
		451FA28A1F149B2200C43BE9 /* sprites.png */ = {isa = PBXFileReference; lastKnownFileType = image.png; path = sprites.png; sourceTree = "<group>"; };
		451FA28F1F15D0AD00C43BE9 /* simple entity.cpp */ = {isa = PBXFileReference; fileEncoding = 4; lastKnownFileType = sourcecode.cpp.cpp; path = "simple entity.cpp"; sourceTree = "<group>"; };
		451FA2901F15D0AD00C43BE9 /* simple entity.hpp */ = {isa = PBXFileReference; fileEncoding = 4; lastKnownFileType = sourcecode.cpp.h; path = "simple entity.hpp"; sourceTree = "<group>"; };
		451FA2921F15D42F00C43BE9 /* rect.hpp */ = {isa = PBXFileReference; lastKnownFileType = sourcecode.cpp.h; path = rect.hpp; sourceTree = "<group>"; };
		4592BAD11F11B48F00D1640D /* Catastrophe.app */ = {isa = PBXFileReference; explicitFileType = wrapper.application; includeInIndex = 0; path = Catastrophe.app; sourceTree = BUILT_PRODUCTS_DIR; };
		4592BAD81F11B48F00D1640D /* Assets.xcassets */ = {isa = PBXFileReference; lastKnownFileType = folder.assetcatalog; path = Assets.xcassets; sourceTree = "<group>"; };
		4592BADD1F11B48F00D1640D /* Info.plist */ = {isa = PBXFileReference; lastKnownFileType = text.plist.xml; path = Info.plist; sourceTree = "<group>"; };
		4592BAE31F11B51400D1640D /* main.cpp */ = {isa = PBXFileReference; fileEncoding = 4; lastKnownFileType = sourcecode.cpp.cpp; path = main.cpp; sourceTree = "<group>"; };
		4592BAE51F11B5C200D1640D /* ideas.txt */ = {isa = PBXFileReference; fileEncoding = 4; lastKnownFileType = text; path = ideas.txt; sourceTree = "<group>"; };
		4592BAF51F11D71600D1640D /* libSDL2-2.0.0.dylib */ = {isa = PBXFileReference; lastKnownFileType = "compiled.mach-o.dylib"; name = "libSDL2-2.0.0.dylib"; path = "../../../../../../../usr/local/Cellar/sdl2/2.0.5/lib/libSDL2-2.0.0.dylib"; sourceTree = "<group>"; };
		4592BAF71F11D72B00D1640D /* libSDL2_ttf-2.0.0.dylib */ = {isa = PBXFileReference; lastKnownFileType = "compiled.mach-o.dylib"; name = "libSDL2_ttf-2.0.0.dylib"; path = "../../../../../../../usr/local/Cellar/sdl2_ttf/2.0.14/lib/libSDL2_ttf-2.0.0.dylib"; sourceTree = "<group>"; };
		4592BAF91F11D75200D1640D /* libSimpleton Engine.dylib */ = {isa = PBXFileReference; lastKnownFileType = "compiled.mach-o.dylib"; name = "libSimpleton Engine.dylib"; path = "../../../../../../../usr/local/lib/libSimpleton Engine.dylib"; sourceTree = "<group>"; };
		4592BAFB1F11D84300D1640D /* app impl.cpp */ = {isa = PBXFileReference; fileEncoding = 4; lastKnownFileType = sourcecode.cpp.cpp; path = "app impl.cpp"; sourceTree = "<group>"; };
		4592BAFC1F11D84300D1640D /* app impl.hpp */ = {isa = PBXFileReference; fileEncoding = 4; lastKnownFileType = sourcecode.cpp.h; path = "app impl.hpp"; sourceTree = "<group>"; };
		4592BAFE1F11D85700D1640D /* constants.hpp */ = {isa = PBXFileReference; lastKnownFileType = sourcecode.cpp.h; path = constants.hpp; sourceTree = "<group>"; };
		4592BB1F1F12195000D1640D /* entity.cpp */ = {isa = PBXFileReference; fileEncoding = 4; lastKnownFileType = sourcecode.cpp.cpp; path = entity.cpp; sourceTree = "<group>"; };
		4592BB201F12195000D1640D /* entity.hpp */ = {isa = PBXFileReference; fileEncoding = 4; lastKnownFileType = sourcecode.cpp.h; path = entity.hpp; sourceTree = "<group>"; };
		4592BB251F13156E00D1640D /* game logic.cpp */ = {isa = PBXFileReference; fileEncoding = 4; lastKnownFileType = sourcecode.cpp.cpp; path = "game logic.cpp"; sourceTree = "<group>"; };
		4592BB261F13156E00D1640D /* game logic.hpp */ = {isa = PBXFileReference; fileEncoding = 4; lastKnownFileType = sourcecode.cpp.h; path = "game logic.hpp"; sourceTree = "<group>"; };
		4592BB281F13166100D1640D /* game view.cpp */ = {isa = PBXFileReference; fileEncoding = 4; lastKnownFileType = sourcecode.cpp.cpp; path = "game view.cpp"; sourceTree = "<group>"; };
		4592BB291F13166100D1640D /* game view.hpp */ = {isa = PBXFileReference; fileEncoding = 4; lastKnownFileType = sourcecode.cpp.h; path = "game view.hpp"; sourceTree = "<group>"; };
		4592BB2B1F1319D400D1640D /* libUnpacker.dylib */ = {isa = PBXFileReference; lastKnownFileType = "compiled.mach-o.dylib"; name = libUnpacker.dylib; path = ../../../../../../../usr/local/lib/libUnpacker.dylib; sourceTree = "<group>"; };
		4592BB321F1320FE00D1640D /* entity id.hpp */ = {isa = PBXFileReference; lastKnownFileType = sourcecode.cpp.h; path = "entity id.hpp"; sourceTree = "<group>"; };
		45F3DB1F1F15DBB50058D36B /* entity view.cpp */ = {isa = PBXFileReference; fileEncoding = 4; lastKnownFileType = sourcecode.cpp.cpp; path = "entity view.cpp"; sourceTree = "<group>"; };
		45F3DB201F15DBB50058D36B /* entity view.hpp */ = {isa = PBXFileReference; fileEncoding = 4; lastKnownFileType = sourcecode.cpp.h; path = "entity view.hpp"; sourceTree = "<group>"; };
		45F3DB221F15DC9F0058D36B /* rendering context.cpp */ = {isa = PBXFileReference; fileEncoding = 4; lastKnownFileType = sourcecode.cpp.cpp; path = "rendering context.cpp"; sourceTree = "<group>"; };
		45F3DB231F15DCA00058D36B /* rendering context.hpp */ = {isa = PBXFileReference; fileEncoding = 4; lastKnownFileType = sourcecode.cpp.h; path = "rendering context.hpp"; sourceTree = "<group>"; };
		45F3DB251F15E84A0058D36B /* entity controller.cpp */ = {isa = PBXFileReference; fileEncoding = 4; lastKnownFileType = sourcecode.cpp.cpp; path = "entity controller.cpp"; sourceTree = "<group>"; };
		45F3DB261F15E84A0058D36B /* entity controller.hpp */ = {isa = PBXFileReference; fileEncoding = 4; lastKnownFileType = sourcecode.cpp.h; path = "entity controller.hpp"; sourceTree = "<group>"; };
		45F3DB281F15E8930058D36B /* simple entity view.cpp */ = {isa = PBXFileReference; fileEncoding = 4; lastKnownFileType = sourcecode.cpp.cpp; path = "simple entity view.cpp"; sourceTree = "<group>"; };
		45F3DB291F15E8930058D36B /* simple entity view.hpp */ = {isa = PBXFileReference; fileEncoding = 4; lastKnownFileType = sourcecode.cpp.h; path = "simple entity view.hpp"; sourceTree = "<group>"; };
		45F3DB2F1F15EA670058D36B /* local entity controller.cpp */ = {isa = PBXFileReference; fileEncoding = 4; lastKnownFileType = sourcecode.cpp.cpp; path = "local entity controller.cpp"; sourceTree = "<group>"; };
		45F3DB301F15EA670058D36B /* local entity controller.hpp */ = {isa = PBXFileReference; fileEncoding = 4; lastKnownFileType = sourcecode.cpp.h; path = "local entity controller.hpp"; sourceTree = "<group>"; };
		45F3DB321F15EF490058D36B /* local entity controller manager.cpp */ = {isa = PBXFileReference; fileEncoding = 4; lastKnownFileType = sourcecode.cpp.cpp; path = "local entity controller manager.cpp"; sourceTree = "<group>"; };
		45F3DB331F15EF490058D36B /* local entity controller manager.hpp */ = {isa = PBXFileReference; fileEncoding = 4; lastKnownFileType = sourcecode.cpp.h; path = "local entity controller manager.hpp"; sourceTree = "<group>"; };
		45F3DB351F15EF640058D36B /* simple entity controller.cpp */ = {isa = PBXFileReference; fileEncoding = 4; lastKnownFileType = sourcecode.cpp.cpp; path = "simple entity controller.cpp"; sourceTree = "<group>"; };
		45F3DB361F15EF640058D36B /* simple entity controller.hpp */ = {isa = PBXFileReference; fileEncoding = 4; lastKnownFileType = sourcecode.cpp.h; path = "simple entity controller.hpp"; sourceTree = "<group>"; };
/* End PBXFileReference section */

/* Begin PBXFrameworksBuildPhase section */
		4592BACE1F11B48F00D1640D /* Frameworks */ = {
			isa = PBXFrameworksBuildPhase;
			buildActionMask = 2147483647;
			files = (
				4592BB2C1F1319D400D1640D /* libUnpacker.dylib in Frameworks */,
				4592BAFA1F11D75200D1640D /* libSimpleton Engine.dylib in Frameworks */,
				4592BAF81F11D72B00D1640D /* libSDL2_ttf-2.0.0.dylib in Frameworks */,
				4592BAF61F11D71600D1640D /* libSDL2-2.0.0.dylib in Frameworks */,
			);
			runOnlyForDeploymentPostprocessing = 0;
		};
/* End PBXFrameworksBuildPhase section */

/* Begin PBXGroup section */
		451FA2851F1499CC00C43BE9 /* Resources */ = {
			isa = PBXGroup;
			children = (
				451FA2871F149B2200C43BE9 /* config.yaml */,
				451FA2881F149B2200C43BE9 /* rat.png */,
				451FA2891F149B2200C43BE9 /* sprites.atlas */,
				451FA28A1F149B2200C43BE9 /* sprites.png */,
			);
			path = Resources;
			sourceTree = "<group>";
		};
		4592BAC81F11B48F00D1640D = {
			isa = PBXGroup;
			children = (
				4592BAD31F11B48F00D1640D /* Catastrophe */,
				4592BAD21F11B48F00D1640D /* Products */,
				4592BAF41F11D71500D1640D /* Frameworks */,
			);
			sourceTree = "<group>";
		};
		4592BAD21F11B48F00D1640D /* Products */ = {
			isa = PBXGroup;
			children = (
				4592BAD11F11B48F00D1640D /* Catastrophe.app */,
			);
			name = Products;
			sourceTree = "<group>";
		};
		4592BAD31F11B48F00D1640D /* Catastrophe */ = {
			isa = PBXGroup;
			children = (
				451FA2851F1499CC00C43BE9 /* Resources */,
				4592BAF31F11D6D300D1640D /* game */,
				4592BAD81F11B48F00D1640D /* Assets.xcassets */,
				4592BADD1F11B48F00D1640D /* Info.plist */,
				4592BAE31F11B51400D1640D /* main.cpp */,
				4592BAE51F11B5C200D1640D /* ideas.txt */,
			);
			path = Catastrophe;
			sourceTree = "<group>";
		};
		4592BAF31F11D6D300D1640D /* game */ = {
			isa = PBXGroup;
			children = (
				4592BAFB1F11D84300D1640D /* app impl.cpp */,
				4592BAFC1F11D84300D1640D /* app impl.hpp */,
				4592BAFE1F11D85700D1640D /* constants.hpp */,
				4592BB321F1320FE00D1640D /* entity id.hpp */,
				45F3DB2C1F15E9550058D36B /* model */,
				45F3DB2D1F15E9690058D36B /* view */,
				45F3DB2E1F15E9750058D36B /* controller */,
				451FA2921F15D42F00C43BE9 /* rect.hpp */,
			);
			name = game;
			sourceTree = "<group>";
		};
		4592BAF41F11D71500D1640D /* Frameworks */ = {
			isa = PBXGroup;
			children = (
				4592BB2B1F1319D400D1640D /* libUnpacker.dylib */,
				4592BAF91F11D75200D1640D /* libSimpleton Engine.dylib */,
				4592BAF71F11D72B00D1640D /* libSDL2_ttf-2.0.0.dylib */,
				4592BAF51F11D71600D1640D /* libSDL2-2.0.0.dylib */,
			);
			name = Frameworks;
			sourceTree = "<group>";
		};
		45F3DB2C1F15E9550058D36B /* model */ = {
			isa = PBXGroup;
			children = (
				4592BB1F1F12195000D1640D /* entity.cpp */,
				4592BB201F12195000D1640D /* entity.hpp */,
				4592BB251F13156E00D1640D /* game logic.cpp */,
				4592BB261F13156E00D1640D /* game logic.hpp */,
				451FA28F1F15D0AD00C43BE9 /* simple entity.cpp */,
				451FA2901F15D0AD00C43BE9 /* simple entity.hpp */,
			);
			name = model;
			sourceTree = "<group>";
		};
		45F3DB2D1F15E9690058D36B /* view */ = {
			isa = PBXGroup;
			children = (
				4592BB281F13166100D1640D /* game view.cpp */,
				4592BB291F13166100D1640D /* game view.hpp */,
				451FA2701F13430300C43BE9 /* camera.cpp */,
				451FA2711F13430300C43BE9 /* camera.hpp */,
				45F3DB1F1F15DBB50058D36B /* entity view.cpp */,
				45F3DB201F15DBB50058D36B /* entity view.hpp */,
				45F3DB221F15DC9F0058D36B /* rendering context.cpp */,
				45F3DB231F15DCA00058D36B /* rendering context.hpp */,
				45F3DB281F15E8930058D36B /* simple entity view.cpp */,
				45F3DB291F15E8930058D36B /* simple entity view.hpp */,
			);
			name = view;
			sourceTree = "<group>";
		};
		45F3DB2E1F15E9750058D36B /* controller */ = {
			isa = PBXGroup;
			children = (
				45F3DB251F15E84A0058D36B /* entity controller.cpp */,
				45F3DB261F15E84A0058D36B /* entity controller.hpp */,
				45F3DB2F1F15EA670058D36B /* local entity controller.cpp */,
				45F3DB301F15EA670058D36B /* local entity controller.hpp */,
				45F3DB321F15EF490058D36B /* local entity controller manager.cpp */,
				45F3DB331F15EF490058D36B /* local entity controller manager.hpp */,
				45F3DB351F15EF640058D36B /* simple entity controller.cpp */,
				45F3DB361F15EF640058D36B /* simple entity controller.hpp */,
			);
			name = controller;
			sourceTree = "<group>";
		};
/* End PBXGroup section */

/* Begin PBXNativeTarget section */
		4592BAD01F11B48F00D1640D /* Catastrophe */ = {
			isa = PBXNativeTarget;
			buildConfigurationList = 4592BAE01F11B48F00D1640D /* Build configuration list for PBXNativeTarget "Catastrophe" */;
			buildPhases = (
				4592BACD1F11B48F00D1640D /* Sources */,
				4592BACE1F11B48F00D1640D /* Frameworks */,
				4592BACF1F11B48F00D1640D /* Resources */,
				451FA2861F149A7300C43BE9 /* ShellScript */,
			);
			buildRules = (
			);
			dependencies = (
			);
			name = Catastrophe;
			productName = Catastrophe;
			productReference = 4592BAD11F11B48F00D1640D /* Catastrophe.app */;
			productType = "com.apple.product-type.application";
		};
/* End PBXNativeTarget section */

/* Begin PBXProject section */
		4592BAC91F11B48F00D1640D /* Project object */ = {
			isa = PBXProject;
			attributes = {
				LastSwiftUpdateCheck = 0830;
				LastUpgradeCheck = 0830;
				ORGANIZATIONNAME = "Indi Kernick";
				TargetAttributes = {
					4592BAD01F11B48F00D1640D = {
						CreatedOnToolsVersion = 8.3.2;
						ProvisioningStyle = Automatic;
					};
				};
			};
			buildConfigurationList = 4592BACC1F11B48F00D1640D /* Build configuration list for PBXProject "Catastrophe" */;
			compatibilityVersion = "Xcode 3.2";
			developmentRegion = English;
			hasScannedForEncodings = 0;
			knownRegions = (
				en,
				Base,
			);
			mainGroup = 4592BAC81F11B48F00D1640D;
			productRefGroup = 4592BAD21F11B48F00D1640D /* Products */;
			projectDirPath = "";
			projectRoot = "";
			targets = (
				4592BAD01F11B48F00D1640D /* Catastrophe */,
			);
		};
/* End PBXProject section */

/* Begin PBXResourcesBuildPhase section */
		4592BACF1F11B48F00D1640D /* Resources */ = {
			isa = PBXResourcesBuildPhase;
			buildActionMask = 2147483647;
			files = (
				451FA28E1F149B2200C43BE9 /* sprites.png in Resources */,
				451FA28D1F149B2200C43BE9 /* sprites.atlas in Resources */,
				4592BAD91F11B48F00D1640D /* Assets.xcassets in Resources */,
			);
			runOnlyForDeploymentPostprocessing = 0;
		};
/* End PBXResourcesBuildPhase section */

/* Begin PBXShellScriptBuildPhase section */
		451FA2861F149A7300C43BE9 /* ShellScript */ = {
			isa = PBXShellScriptBuildPhase;
			buildActionMask = 2147483647;
			files = (
			);
			inputPaths = (
			);
			outputPaths = (
			);
			runOnlyForDeploymentPostprocessing = 0;
			shellPath = /bin/sh;
			shellScript = "cd Catastrophe/Resources\npacker --silent config.yaml";
		};
/* End PBXShellScriptBuildPhase section */

/* Begin PBXSourcesBuildPhase section */
		4592BACD1F11B48F00D1640D /* Sources */ = {
			isa = PBXSourcesBuildPhase;
			buildActionMask = 2147483647;
			files = (
				45F3DB311F15EA670058D36B /* local entity controller.cpp in Sources */,
				4592BB2A1F13166100D1640D /* game view.cpp in Sources */,
				45F3DB371F15EF640058D36B /* simple entity controller.cpp in Sources */,
				451FA2911F15D0AD00C43BE9 /* simple entity.cpp in Sources */,
				45F3DB341F15EF490058D36B /* local entity controller manager.cpp in Sources */,
				4592BAFD1F11D84300D1640D /* app impl.cpp in Sources */,
				45F3DB271F15E84A0058D36B /* entity controller.cpp in Sources */,
				45F3DB241F15DCA00058D36B /* rendering context.cpp in Sources */,
				45F3DB2A1F15E8930058D36B /* simple entity view.cpp in Sources */,
				451FA2721F13430300C43BE9 /* camera.cpp in Sources */,
				4592BAE41F11B51400D1640D /* main.cpp in Sources */,
				4592BB211F12195000D1640D /* entity.cpp in Sources */,
				45F3DB211F15DBB50058D36B /* entity view.cpp in Sources */,
				4592BB271F13156E00D1640D /* game logic.cpp in Sources */,
			);
			runOnlyForDeploymentPostprocessing = 0;
		};
/* End PBXSourcesBuildPhase section */

/* Begin XCBuildConfiguration section */
		4592BADE1F11B48F00D1640D /* Debug */ = {
			isa = XCBuildConfiguration;
			buildSettings = {
				ALWAYS_SEARCH_USER_PATHS = NO;
				CLANG_ANALYZER_NONNULL = YES;
				CLANG_ANALYZER_NUMBER_OBJECT_CONVERSION = YES_AGGRESSIVE;
				CLANG_CXX_LANGUAGE_STANDARD = "gnu++0x";
				CLANG_CXX_LIBRARY = "libc++";
				CLANG_ENABLE_MODULES = YES;
				CLANG_ENABLE_OBJC_ARC = YES;
				CLANG_WARN_BOOL_CONVERSION = YES;
				CLANG_WARN_CONSTANT_CONVERSION = YES;
				CLANG_WARN_DIRECT_OBJC_ISA_USAGE = YES_ERROR;
				CLANG_WARN_DOCUMENTATION_COMMENTS = YES;
				CLANG_WARN_EMPTY_BODY = YES;
				CLANG_WARN_ENUM_CONVERSION = YES;
				CLANG_WARN_INFINITE_RECURSION = YES;
				CLANG_WARN_INT_CONVERSION = YES;
				CLANG_WARN_OBJC_ROOT_CLASS = YES_ERROR;
				CLANG_WARN_SUSPICIOUS_MOVE = YES;
				CLANG_WARN_UNREACHABLE_CODE = YES;
				CLANG_WARN__DUPLICATE_METHOD_MATCH = YES;
				CODE_SIGN_IDENTITY = "-";
				COPY_PHASE_STRIP = NO;
				DEBUG_INFORMATION_FORMAT = dwarf;
				ENABLE_STRICT_OBJC_MSGSEND = YES;
				ENABLE_TESTABILITY = YES;
				GCC_C_LANGUAGE_STANDARD = gnu99;
				GCC_DYNAMIC_NO_PIC = NO;
				GCC_NO_COMMON_BLOCKS = YES;
				GCC_OPTIMIZATION_LEVEL = 0;
				GCC_PREPROCESSOR_DEFINITIONS = (
					"DEBUG=1",
					"$(inherited)",
				);
				GCC_WARN_64_TO_32_BIT_CONVERSION = YES;
				GCC_WARN_ABOUT_RETURN_TYPE = YES_ERROR;
				GCC_WARN_UNDECLARED_SELECTOR = YES;
				GCC_WARN_UNINITIALIZED_AUTOS = YES_AGGRESSIVE;
				GCC_WARN_UNUSED_FUNCTION = YES;
				GCC_WARN_UNUSED_VARIABLE = YES;
				MACOSX_DEPLOYMENT_TARGET = 10.12;
				MTL_ENABLE_DEBUG_INFO = YES;
				ONLY_ACTIVE_ARCH = YES;
				SDKROOT = macosx;
				SWIFT_ACTIVE_COMPILATION_CONDITIONS = DEBUG;
				SWIFT_OPTIMIZATION_LEVEL = "-Onone";
			};
			name = Debug;
		};
		4592BADF1F11B48F00D1640D /* Release */ = {
			isa = XCBuildConfiguration;
			buildSettings = {
				ALWAYS_SEARCH_USER_PATHS = NO;
				CLANG_ANALYZER_NONNULL = YES;
				CLANG_ANALYZER_NUMBER_OBJECT_CONVERSION = YES_AGGRESSIVE;
				CLANG_CXX_LANGUAGE_STANDARD = "gnu++0x";
				CLANG_CXX_LIBRARY = "libc++";
				CLANG_ENABLE_MODULES = YES;
				CLANG_ENABLE_OBJC_ARC = YES;
				CLANG_WARN_BOOL_CONVERSION = YES;
				CLANG_WARN_CONSTANT_CONVERSION = YES;
				CLANG_WARN_DIRECT_OBJC_ISA_USAGE = YES_ERROR;
				CLANG_WARN_DOCUMENTATION_COMMENTS = YES;
				CLANG_WARN_EMPTY_BODY = YES;
				CLANG_WARN_ENUM_CONVERSION = YES;
				CLANG_WARN_INFINITE_RECURSION = YES;
				CLANG_WARN_INT_CONVERSION = YES;
				CLANG_WARN_OBJC_ROOT_CLASS = YES_ERROR;
				CLANG_WARN_SUSPICIOUS_MOVE = YES;
				CLANG_WARN_UNREACHABLE_CODE = YES;
				CLANG_WARN__DUPLICATE_METHOD_MATCH = YES;
				CODE_SIGN_IDENTITY = "-";
				COPY_PHASE_STRIP = NO;
				DEBUG_INFORMATION_FORMAT = "dwarf-with-dsym";
				ENABLE_NS_ASSERTIONS = NO;
				ENABLE_STRICT_OBJC_MSGSEND = YES;
				GCC_C_LANGUAGE_STANDARD = gnu99;
				GCC_NO_COMMON_BLOCKS = YES;
				GCC_WARN_64_TO_32_BIT_CONVERSION = YES;
				GCC_WARN_ABOUT_RETURN_TYPE = YES_ERROR;
				GCC_WARN_UNDECLARED_SELECTOR = YES;
				GCC_WARN_UNINITIALIZED_AUTOS = YES_AGGRESSIVE;
				GCC_WARN_UNUSED_FUNCTION = YES;
				GCC_WARN_UNUSED_VARIABLE = YES;
				MACOSX_DEPLOYMENT_TARGET = 10.12;
				MTL_ENABLE_DEBUG_INFO = NO;
				SDKROOT = macosx;
				SWIFT_OPTIMIZATION_LEVEL = "-Owholemodule";
			};
			name = Release;
		};
		4592BAE11F11B48F00D1640D /* Debug */ = {
			isa = XCBuildConfiguration;
			buildSettings = {
				ASSETCATALOG_COMPILER_APPICON_NAME = AppIcon;
				CLANG_CXX_LANGUAGE_STANDARD = "compiler-default";
				COMBINE_HIDPI_IMAGES = YES;
				HEADER_SEARCH_PATHS = (
					"/usr/local/Cellar/sdl2/**",
					/usr/local/include,
					"/usr/local/Cellar/sdl2_ttf/**",
				);
				INFOPLIST_FILE = Catastrophe/Info.plist;
				LD_RUNPATH_SEARCH_PATHS = "$(inherited) @executable_path/../Frameworks";
				LIBRARY_SEARCH_PATHS = (
					"$(inherited)",
					"/usr/local/Cellar/sdl2_ttf/**",
					"/usr/local/Cellar/sdl2/**",
					/usr/local/lib,
				);
				OTHER_CPLUSPLUSFLAGS = (
					"$(OTHER_CFLAGS)",
					"-Wall",
					"-Wextra",
					"-Weffc++",
					"-Wpedantic",
					"-Wextra-semi",
					"-Wno-documentation",
					"-std=c++1z",
				);
				PRODUCT_BUNDLE_IDENTIFIER = "Indi-Kernick.Catastrophe";
				PRODUCT_NAME = "$(TARGET_NAME)";
				SWIFT_VERSION = 3.0;
			};
			name = Debug;
		};
		4592BAE21F11B48F00D1640D /* Release */ = {
			isa = XCBuildConfiguration;
			buildSettings = {
				ASSETCATALOG_COMPILER_APPICON_NAME = AppIcon;
				CLANG_CXX_LANGUAGE_STANDARD = "compiler-default";
				COMBINE_HIDPI_IMAGES = YES;
				HEADER_SEARCH_PATHS = (
					"/usr/local/Cellar/sdl2/**",
					/usr/local/include,
					"/usr/local/Cellar/sdl2_ttf/**",
				);
				INFOPLIST_FILE = Catastrophe/Info.plist;
				LD_RUNPATH_SEARCH_PATHS = "$(inherited) @executable_path/../Frameworks";
				LIBRARY_SEARCH_PATHS = (
					"$(inherited)",
					"/usr/local/Cellar/sdl2_ttf/**",
					"/usr/local/Cellar/sdl2/**",
					/usr/local/lib,
				);
				OTHER_CPLUSPLUSFLAGS = (
					"$(OTHER_CFLAGS)",
					"-Wall",
					"-Wextra",
					"-Weffc++",
					"-Wpedantic",
					"-Wextra-semi",
					"-Wno-documentation",
					"-std=c++1z",
				);
				PRODUCT_BUNDLE_IDENTIFIER = "Indi-Kernick.Catastrophe";
				PRODUCT_NAME = "$(TARGET_NAME)";
				SWIFT_VERSION = 3.0;
			};
			name = Release;
		};
/* End XCBuildConfiguration section */

/* Begin XCConfigurationList section */
		4592BACC1F11B48F00D1640D /* Build configuration list for PBXProject "Catastrophe" */ = {
			isa = XCConfigurationList;
			buildConfigurations = (
				4592BADE1F11B48F00D1640D /* Debug */,
				4592BADF1F11B48F00D1640D /* Release */,
			);
			defaultConfigurationIsVisible = 0;
			defaultConfigurationName = Release;
		};
		4592BAE01F11B48F00D1640D /* Build configuration list for PBXNativeTarget "Catastrophe" */ = {
			isa = XCConfigurationList;
			buildConfigurations = (
				4592BAE11F11B48F00D1640D /* Debug */,
				4592BAE21F11B48F00D1640D /* Release */,
			);
			defaultConfigurationIsVisible = 0;
			defaultConfigurationName = Release;
		};
/* End XCConfigurationList section */
	};
	rootObject = 4592BAC91F11B48F00D1640D /* Project object */;
}
