// !$*UTF8*$!
{
	archiveVersion = 1;
	classes = {
	};
	objectVersion = 46;
	objects = {

/* Begin PBXBuildFile section */
		4509F8CF1F5A395100927A19 /* vector sprite.cpp in Sources */ = {isa = PBXBuildFile; fileRef = 4509F8CD1F5A395100927A19 /* vector sprite.cpp */; };
		4509F8D21F5A414800927A19 /* vector file.cpp in Sources */ = {isa = PBXBuildFile; fileRef = 4509F8D01F5A414800927A19 /* vector file.cpp */; };
		4509F8D41F5A429800927A19 /* player sprite.yaml in Resources */ = {isa = PBXBuildFile; fileRef = 4509F8D31F5A429800927A19 /* player sprite.yaml */; };
		4509F8E21F5BB23600927A19 /* vector sprite render component.cpp in Sources */ = {isa = PBXBuildFile; fileRef = 4509F8E01F5BB23600927A19 /* vector sprite render component.cpp */; };
		4509F8E61F5CE20000927A19 /* rendering context.cpp in Sources */ = {isa = PBXBuildFile; fileRef = 4509F8E41F5CE20000927A19 /* rendering context.cpp */; };
		4509F8E81F5CE2AE00927A19 /* libnanovg.a in Frameworks */ = {isa = PBXBuildFile; fileRef = 4509F8E71F5CE2AE00927A19 /* libnanovg.a */; };
		4509F8EA1F5D247100927A19 /* CoreVideo.framework in Frameworks */ = {isa = PBXBuildFile; fileRef = 4509F8E91F5D247100927A19 /* CoreVideo.framework */; };
		4509F8EC1F5D247700927A19 /* Cocoa.framework in Frameworks */ = {isa = PBXBuildFile; fileRef = 4509F8EB1F5D247700927A19 /* Cocoa.framework */; };
		4509F8EE1F5D247D00927A19 /* IOKit.framework in Frameworks */ = {isa = PBXBuildFile; fileRef = 4509F8ED1F5D247D00927A19 /* IOKit.framework */; };
		4509F8F01F5D248500927A19 /* OpenGL.framework in Frameworks */ = {isa = PBXBuildFile; fileRef = 4509F8EF1F5D248500927A19 /* OpenGL.framework */; };
		4509F8F31F5D326A00927A19 /* libGLEW.2.1.0.dylib in Frameworks */ = {isa = PBXBuildFile; fileRef = 4509F8F21F5D326A00927A19 /* libGLEW.2.1.0.dylib */; };
		4509F8F61F5D359B00927A19 /* vector render.cpp in Sources */ = {isa = PBXBuildFile; fileRef = 4509F8F41F5D359B00927A19 /* vector render.cpp */; };
		4509F8F91F5D3DD000927A19 /* nvg helper.cpp in Sources */ = {isa = PBXBuildFile; fileRef = 4509F8F71F5D3DD000927A19 /* nvg helper.cpp */; };
		4509F8FF1F5E7E2500927A19 /* vector line shape.cpp in Sources */ = {isa = PBXBuildFile; fileRef = 4509F8FD1F5E7E2500927A19 /* vector line shape.cpp */; };
		4509F9021F5E816F00927A19 /* yaml helper.cpp in Sources */ = {isa = PBXBuildFile; fileRef = 4509F9001F5E816F00927A19 /* yaml helper.cpp */; };
		4509F9051F5E8EC200927A19 /* vector circle shape.cpp in Sources */ = {isa = PBXBuildFile; fileRef = 4509F9031F5E8EC200927A19 /* vector circle shape.cpp */; };
		452FF9BC1F639922003A98B1 /* Consolas.ttf in Resources */ = {isa = PBXBuildFile; fileRef = 452FF9BB1F639922003A98B1 /* Consolas.ttf */; };
		452FF9D81F64C104003A98B1 /* player input commands.cpp in Sources */ = {isa = PBXBuildFile; fileRef = 452FF9D21F63DDF1003A98B1 /* player input commands.cpp */; };
		452FF9D91F64C104003A98B1 /* input commands.cpp in Sources */ = {isa = PBXBuildFile; fileRef = 452FF9C91F63D829003A98B1 /* input commands.cpp */; };
		452FF9DA1F64C104003A98B1 /* player physics state.cpp in Sources */ = {isa = PBXBuildFile; fileRef = 452FF9D51F63E394003A98B1 /* player physics state.cpp */; };
		452FF9DB1F64C104003A98B1 /* physics state.cpp in Sources */ = {isa = PBXBuildFile; fileRef = 452FF9CC1F63DAC2003A98B1 /* physics state.cpp */; };
		452FF9DC1F64C104003A98B1 /* animation component.cpp in Sources */ = {isa = PBXBuildFile; fileRef = 452FF9C21F63D053003A98B1 /* animation component.cpp */; };
		452FF9DD1F64C104003A98B1 /* animation system.cpp in Sources */ = {isa = PBXBuildFile; fileRef = 452FF9C51F63D05D003A98B1 /* animation system.cpp */; };
		452FF9DE1F64C104003A98B1 /* rendering state.cpp in Sources */ = {isa = PBXBuildFile; fileRef = 452FF9CF1F63DB5A003A98B1 /* rendering state.cpp */; };
		452FF9E11F64D219003A98B1 /* player animation component.cpp in Sources */ = {isa = PBXBuildFile; fileRef = 452FF9DF1F64D219003A98B1 /* player animation component.cpp */; };
		452FF9E71F64D39D003A98B1 /* vector rendering state.cpp in Sources */ = {isa = PBXBuildFile; fileRef = 452FF9E51F64D39D003A98B1 /* vector rendering state.cpp */; };
		452FF9F41F6A70DC003A98B1 /* rect.yaml in Resources */ = {isa = PBXBuildFile; fileRef = 452FF9F31F6A70DC003A98B1 /* rect.yaml */; };
		452FF9F61F6BAE5C003A98B1 /* rect 2.yaml in Resources */ = {isa = PBXBuildFile; fileRef = 452FF9F51F6BAE5C003A98B1 /* rect 2.yaml */; };
		452FF9F91F6BB83E003A98B1 /* sprite test app.cpp in Sources */ = {isa = PBXBuildFile; fileRef = 452FF9F71F6BB83E003A98B1 /* sprite test app.cpp */; };
		452FF9FE1F6BBF26003A98B1 /* framebuffer to png.cpp in Sources */ = {isa = PBXBuildFile; fileRef = 452FF9FC1F6BBF26003A98B1 /* framebuffer to png.cpp */; };
		452FFA001F6BBF41003A98B1 /* stb_image_write.c in Sources */ = {isa = PBXBuildFile; fileRef = 452FF9FF1F6BBF41003A98B1 /* stb_image_write.c */; };
		452FFA661F6BC50D003A98B1 /* b2BroadPhase.cpp in Sources */ = {isa = PBXBuildFile; fileRef = 452FFA041F6BC50D003A98B1 /* b2BroadPhase.cpp */; };
		452FFA671F6BC50D003A98B1 /* b2CollideCircle.cpp in Sources */ = {isa = PBXBuildFile; fileRef = 452FFA061F6BC50D003A98B1 /* b2CollideCircle.cpp */; };
		452FFA681F6BC50D003A98B1 /* b2CollideEdge.cpp in Sources */ = {isa = PBXBuildFile; fileRef = 452FFA071F6BC50D003A98B1 /* b2CollideEdge.cpp */; };
		452FFA691F6BC50D003A98B1 /* b2CollidePolygon.cpp in Sources */ = {isa = PBXBuildFile; fileRef = 452FFA081F6BC50D003A98B1 /* b2CollidePolygon.cpp */; };
		452FFA6A1F6BC50D003A98B1 /* b2Collision.cpp in Sources */ = {isa = PBXBuildFile; fileRef = 452FFA091F6BC50D003A98B1 /* b2Collision.cpp */; };
		452FFA6B1F6BC50D003A98B1 /* b2Distance.cpp in Sources */ = {isa = PBXBuildFile; fileRef = 452FFA0B1F6BC50D003A98B1 /* b2Distance.cpp */; };
		452FFA6C1F6BC50D003A98B1 /* b2DynamicTree.cpp in Sources */ = {isa = PBXBuildFile; fileRef = 452FFA0D1F6BC50D003A98B1 /* b2DynamicTree.cpp */; };
		452FFA6D1F6BC50D003A98B1 /* b2TimeOfImpact.cpp in Sources */ = {isa = PBXBuildFile; fileRef = 452FFA0F1F6BC50D003A98B1 /* b2TimeOfImpact.cpp */; };
		452FFA6E1F6BC50D003A98B1 /* b2ChainShape.cpp in Sources */ = {isa = PBXBuildFile; fileRef = 452FFA121F6BC50D003A98B1 /* b2ChainShape.cpp */; };
		452FFA6F1F6BC50D003A98B1 /* b2CircleShape.cpp in Sources */ = {isa = PBXBuildFile; fileRef = 452FFA141F6BC50D003A98B1 /* b2CircleShape.cpp */; };
		452FFA701F6BC50D003A98B1 /* b2EdgeShape.cpp in Sources */ = {isa = PBXBuildFile; fileRef = 452FFA161F6BC50D003A98B1 /* b2EdgeShape.cpp */; };
		452FFA711F6BC50D003A98B1 /* b2PolygonShape.cpp in Sources */ = {isa = PBXBuildFile; fileRef = 452FFA181F6BC50D003A98B1 /* b2PolygonShape.cpp */; };
		452FFA721F6BC50D003A98B1 /* b2BlockAllocator.cpp in Sources */ = {isa = PBXBuildFile; fileRef = 452FFA1C1F6BC50D003A98B1 /* b2BlockAllocator.cpp */; };
		452FFA731F6BC50D003A98B1 /* b2Draw.cpp in Sources */ = {isa = PBXBuildFile; fileRef = 452FFA1E1F6BC50D003A98B1 /* b2Draw.cpp */; };
		452FFA741F6BC50D003A98B1 /* b2Math.cpp in Sources */ = {isa = PBXBuildFile; fileRef = 452FFA211F6BC50D003A98B1 /* b2Math.cpp */; };
		452FFA751F6BC50D003A98B1 /* b2Settings.cpp in Sources */ = {isa = PBXBuildFile; fileRef = 452FFA231F6BC50D003A98B1 /* b2Settings.cpp */; };
		452FFA761F6BC50D003A98B1 /* b2StackAllocator.cpp in Sources */ = {isa = PBXBuildFile; fileRef = 452FFA251F6BC50D003A98B1 /* b2StackAllocator.cpp */; };
		452FFA771F6BC50D003A98B1 /* b2Timer.cpp in Sources */ = {isa = PBXBuildFile; fileRef = 452FFA271F6BC50D003A98B1 /* b2Timer.cpp */; };
		452FFA781F6BC50D003A98B1 /* b2Body.cpp in Sources */ = {isa = PBXBuildFile; fileRef = 452FFA2A1F6BC50D003A98B1 /* b2Body.cpp */; };
		452FFA791F6BC50D003A98B1 /* b2ContactManager.cpp in Sources */ = {isa = PBXBuildFile; fileRef = 452FFA2C1F6BC50D003A98B1 /* b2ContactManager.cpp */; };
		452FFA7A1F6BC50D003A98B1 /* b2Fixture.cpp in Sources */ = {isa = PBXBuildFile; fileRef = 452FFA2E1F6BC50D003A98B1 /* b2Fixture.cpp */; };
		452FFA7B1F6BC50D003A98B1 /* b2Island.cpp in Sources */ = {isa = PBXBuildFile; fileRef = 452FFA301F6BC50D003A98B1 /* b2Island.cpp */; };
		452FFA7C1F6BC50D003A98B1 /* b2World.cpp in Sources */ = {isa = PBXBuildFile; fileRef = 452FFA331F6BC50D003A98B1 /* b2World.cpp */; };
		452FFA7D1F6BC50D003A98B1 /* b2WorldCallbacks.cpp in Sources */ = {isa = PBXBuildFile; fileRef = 452FFA351F6BC50D003A98B1 /* b2WorldCallbacks.cpp */; };
		452FFA7E1F6BC50D003A98B1 /* b2ChainAndCircleContact.cpp in Sources */ = {isa = PBXBuildFile; fileRef = 452FFA381F6BC50D003A98B1 /* b2ChainAndCircleContact.cpp */; };
		452FFA7F1F6BC50D003A98B1 /* b2ChainAndPolygonContact.cpp in Sources */ = {isa = PBXBuildFile; fileRef = 452FFA3A1F6BC50D003A98B1 /* b2ChainAndPolygonContact.cpp */; };
		452FFA801F6BC50D003A98B1 /* b2CircleContact.cpp in Sources */ = {isa = PBXBuildFile; fileRef = 452FFA3C1F6BC50D003A98B1 /* b2CircleContact.cpp */; };
		452FFA811F6BC50D003A98B1 /* b2Contact.cpp in Sources */ = {isa = PBXBuildFile; fileRef = 452FFA3E1F6BC50D003A98B1 /* b2Contact.cpp */; };
		452FFA821F6BC50D003A98B1 /* b2ContactSolver.cpp in Sources */ = {isa = PBXBuildFile; fileRef = 452FFA401F6BC50D003A98B1 /* b2ContactSolver.cpp */; };
		452FFA831F6BC50D003A98B1 /* b2EdgeAndCircleContact.cpp in Sources */ = {isa = PBXBuildFile; fileRef = 452FFA421F6BC50D003A98B1 /* b2EdgeAndCircleContact.cpp */; };
		452FFA841F6BC50D003A98B1 /* b2EdgeAndPolygonContact.cpp in Sources */ = {isa = PBXBuildFile; fileRef = 452FFA441F6BC50D003A98B1 /* b2EdgeAndPolygonContact.cpp */; };
		452FFA851F6BC50D003A98B1 /* b2PolygonAndCircleContact.cpp in Sources */ = {isa = PBXBuildFile; fileRef = 452FFA461F6BC50D003A98B1 /* b2PolygonAndCircleContact.cpp */; };
		452FFA861F6BC50D003A98B1 /* b2PolygonContact.cpp in Sources */ = {isa = PBXBuildFile; fileRef = 452FFA481F6BC50D003A98B1 /* b2PolygonContact.cpp */; };
		452FFA871F6BC50D003A98B1 /* b2DistanceJoint.cpp in Sources */ = {isa = PBXBuildFile; fileRef = 452FFA4B1F6BC50D003A98B1 /* b2DistanceJoint.cpp */; };
		452FFA881F6BC50D003A98B1 /* b2FrictionJoint.cpp in Sources */ = {isa = PBXBuildFile; fileRef = 452FFA4D1F6BC50D003A98B1 /* b2FrictionJoint.cpp */; };
		452FFA891F6BC50D003A98B1 /* b2GearJoint.cpp in Sources */ = {isa = PBXBuildFile; fileRef = 452FFA4F1F6BC50D003A98B1 /* b2GearJoint.cpp */; };
		452FFA8A1F6BC50D003A98B1 /* b2Joint.cpp in Sources */ = {isa = PBXBuildFile; fileRef = 452FFA511F6BC50D003A98B1 /* b2Joint.cpp */; };
		452FFA8B1F6BC50D003A98B1 /* b2MotorJoint.cpp in Sources */ = {isa = PBXBuildFile; fileRef = 452FFA531F6BC50D003A98B1 /* b2MotorJoint.cpp */; };
		452FFA8C1F6BC50D003A98B1 /* b2MouseJoint.cpp in Sources */ = {isa = PBXBuildFile; fileRef = 452FFA551F6BC50D003A98B1 /* b2MouseJoint.cpp */; };
		452FFA8D1F6BC50D003A98B1 /* b2PrismaticJoint.cpp in Sources */ = {isa = PBXBuildFile; fileRef = 452FFA571F6BC50D003A98B1 /* b2PrismaticJoint.cpp */; };
		452FFA8E1F6BC50D003A98B1 /* b2PulleyJoint.cpp in Sources */ = {isa = PBXBuildFile; fileRef = 452FFA591F6BC50D003A98B1 /* b2PulleyJoint.cpp */; };
		452FFA8F1F6BC50D003A98B1 /* b2RevoluteJoint.cpp in Sources */ = {isa = PBXBuildFile; fileRef = 452FFA5B1F6BC50D003A98B1 /* b2RevoluteJoint.cpp */; };
		452FFA901F6BC50D003A98B1 /* b2RopeJoint.cpp in Sources */ = {isa = PBXBuildFile; fileRef = 452FFA5D1F6BC50D003A98B1 /* b2RopeJoint.cpp */; };
		452FFA911F6BC50D003A98B1 /* b2WeldJoint.cpp in Sources */ = {isa = PBXBuildFile; fileRef = 452FFA5F1F6BC50D003A98B1 /* b2WeldJoint.cpp */; };
		452FFA921F6BC50D003A98B1 /* b2WheelJoint.cpp in Sources */ = {isa = PBXBuildFile; fileRef = 452FFA611F6BC50D003A98B1 /* b2WheelJoint.cpp */; };
		452FFA931F6BC50D003A98B1 /* b2Rope.cpp in Sources */ = {isa = PBXBuildFile; fileRef = 452FFA641F6BC50D003A98B1 /* b2Rope.cpp */; };
		453479561F1F0E6D0083743E /* main.cpp in Sources */ = {isa = PBXBuildFile; fileRef = 4592BAE31F11B51400D1640D /* main.cpp */; };
		4534A6111F51289B00F3AC06 /* debug input.cpp in Sources */ = {isa = PBXBuildFile; fileRef = 4534A60F1F51289B00F3AC06 /* debug input.cpp */; };
		453890721F2ADB13007EBB5A /* app impl.cpp in Sources */ = {isa = PBXBuildFile; fileRef = 4538906E1F2ADB13007EBB5A /* app impl.cpp */; };
		4538907B1F2ADB4B007EBB5A /* string to scancode.cpp in Sources */ = {isa = PBXBuildFile; fileRef = 453890791F2ADB4B007EBB5A /* string to scancode.cpp */; };
		453892CC1F2AF420007EBB5A /* render component.cpp in Sources */ = {isa = PBXBuildFile; fileRef = 453892CA1F2AF41F007EBB5A /* render component.cpp */; };
		453892D01F2AF7FE007EBB5A /* physics component.cpp in Sources */ = {isa = PBXBuildFile; fileRef = 453892CE1F2AF7FE007EBB5A /* physics component.cpp */; };
		453892D31F2AF877007EBB5A /* physics system.cpp in Sources */ = {isa = PBXBuildFile; fileRef = 453892D11F2AF877007EBB5A /* physics system.cpp */; };
		453892D61F2B0074007EBB5A /* entity.cpp in Sources */ = {isa = PBXBuildFile; fileRef = 453892D41F2B0074007EBB5A /* entity.cpp */; };
		453892D91F2B0479007EBB5A /* player.cpp in Sources */ = {isa = PBXBuildFile; fileRef = 453892D71F2B0478007EBB5A /* player.cpp */; };
		453892E21F2C1206007EBB5A /* input component.cpp in Sources */ = {isa = PBXBuildFile; fileRef = 453892E01F2C1206007EBB5A /* input component.cpp */; };
		453892E51F2C1757007EBB5A /* input system.cpp in Sources */ = {isa = PBXBuildFile; fileRef = 453892E31F2C1757007EBB5A /* input system.cpp */; };
		453892E81F2C1A06007EBB5A /* player input component.cpp in Sources */ = {isa = PBXBuildFile; fileRef = 453892E61F2C1A06007EBB5A /* player input component.cpp */; };
		453892EF1F2C2487007EBB5A /* rendering system.cpp in Sources */ = {isa = PBXBuildFile; fileRef = 453892ED1F2C2487007EBB5A /* rendering system.cpp */; };
		453892FB1F2C4209007EBB5A /* entity manager.cpp in Sources */ = {isa = PBXBuildFile; fileRef = 453892F91F2C4209007EBB5A /* entity manager.cpp */; };
		453893011F2C4D6B007EBB5A /* platform.cpp in Sources */ = {isa = PBXBuildFile; fileRef = 453892FF1F2C4D6B007EBB5A /* platform.cpp */; };
		453893091F2D6F21007EBB5A /* debug draw.cpp in Sources */ = {isa = PBXBuildFile; fileRef = 453893071F2D6F21007EBB5A /* debug draw.cpp */; };
		4538930C1F2D6F5D007EBB5A /* camera.cpp in Sources */ = {isa = PBXBuildFile; fileRef = 4538930A1F2D6F5D007EBB5A /* camera.cpp */; };
		4541161A1F523D7400C2865B /* camera pos.cpp in Sources */ = {isa = PBXBuildFile; fileRef = 454116181F523D7400C2865B /* camera pos.cpp */; };
		4541161D1F523D8200C2865B /* camera zoom.cpp in Sources */ = {isa = PBXBuildFile; fileRef = 4541161B1F523D8200C2865B /* camera zoom.cpp */; };
		454116201F523DA500C2865B /* camera motion track.cpp in Sources */ = {isa = PBXBuildFile; fileRef = 4541161E1F523DA400C2865B /* camera motion track.cpp */; };
		4541162A1F5255CD00C2865B /* camera window size.cpp in Sources */ = {isa = PBXBuildFile; fileRef = 454116281F5255CD00C2865B /* camera window size.cpp */; };
		454116301F5405FD00C2865B /* camera props.cpp in Sources */ = {isa = PBXBuildFile; fileRef = 4541162E1F5405FD00C2865B /* camera props.cpp */; };
		454116351F5622D700C2865B /* camera zoom track.cpp in Sources */ = {isa = PBXBuildFile; fileRef = 454116331F5622D600C2865B /* camera zoom track.cpp */; };
		4592BAD91F11B48F00D1640D /* Assets.xcassets in Resources */ = {isa = PBXBuildFile; fileRef = 4592BAD81F11B48F00D1640D /* Assets.xcassets */; };
		4592BAF61F11D71600D1640D /* libSDL2-2.0.0.dylib in Frameworks */ = {isa = PBXBuildFile; fileRef = 4592BAF51F11D71600D1640D /* libSDL2-2.0.0.dylib */; };
		4592BAFA1F11D75200D1640D /* libSimpleton Engine.dylib in Frameworks */ = {isa = PBXBuildFile; fileRef = 4592BAF91F11D75200D1640D /* libSimpleton Engine.dylib */; };
		45DE9FA11F6CAD4300B1DA72 /* player body.yaml in Resources */ = {isa = PBXBuildFile; fileRef = 45DE9FA01F6CAD4300B1DA72 /* player body.yaml */; };
		45DE9FA41F6CADA400B1DA72 /* physics file.cpp in Sources */ = {isa = PBXBuildFile; fileRef = 45DE9FA21F6CADA400B1DA72 /* physics file.cpp */; };
		45DE9FA71F6D01F800B1DA72 /* make physics comp.cpp in Sources */ = {isa = PBXBuildFile; fileRef = 45DE9FA51F6D01F800B1DA72 /* make physics comp.cpp */; };
		45DE9FA91F6D02EF00B1DA72 /* platform body.yaml in Resources */ = {isa = PBXBuildFile; fileRef = 45DE9FA81F6D02EF00B1DA72 /* platform body.yaml */; };
		45DE9FAC1F6D102A00B1DA72 /* yaml param.cpp in Sources */ = {isa = PBXBuildFile; fileRef = 45DE9FAA1F6D102A00B1DA72 /* yaml param.cpp */; };
		45DE9FB31F6DFCD300B1DA72 /* platform sprite.yaml in Resources */ = {isa = PBXBuildFile; fileRef = 45DE9FB21F6DFCD300B1DA72 /* platform sprite.yaml */; };
		45DE9FB61F6E02AF00B1DA72 /* static vector animation component.cpp in Sources */ = {isa = PBXBuildFile; fileRef = 45DE9FB41F6E02AF00B1DA72 /* static vector animation component.cpp */; };
		45DE9FB91F6E394900B1DA72 /* player entity.yaml in Resources */ = {isa = PBXBuildFile; fileRef = 45DE9FB81F6E394900B1DA72 /* player entity.yaml */; };
		45F3DB451F160B710058D36B /* libyaml-cpp.0.5.3.dylib in Frameworks */ = {isa = PBXBuildFile; fileRef = 45F3DB441F160B710058D36B /* libyaml-cpp.0.5.3.dylib */; };
		45FA99151F330A1E00F8C639 /* player physics component.cpp in Sources */ = {isa = PBXBuildFile; fileRef = 45FA99131F330A1E00F8C639 /* player physics component.cpp */; };
		45FA99181F33104200F8C639 /* simple physics component.cpp in Sources */ = {isa = PBXBuildFile; fileRef = 45FA99161F33104200F8C639 /* simple physics component.cpp */; };
		45FA993F1F35476400F8C639 /* contact listener.cpp in Sources */ = {isa = PBXBuildFile; fileRef = 45FA993D1F35476400F8C639 /* contact listener.cpp */; };
		45FA99451F36A12A00F8C639 /* register collision listeners.cpp in Sources */ = {isa = PBXBuildFile; fileRef = 45FA99431F36A12A00F8C639 /* register collision listeners.cpp */; };
/* End PBXBuildFile section */

/* Begin PBXFileReference section */
		4509F8CD1F5A395100927A19 /* vector sprite.cpp */ = {isa = PBXFileReference; fileEncoding = 4; lastKnownFileType = sourcecode.cpp.cpp; path = "vector sprite.cpp"; sourceTree = "<group>"; };
		4509F8CE1F5A395100927A19 /* vector sprite.hpp */ = {isa = PBXFileReference; fileEncoding = 4; lastKnownFileType = sourcecode.cpp.h; path = "vector sprite.hpp"; sourceTree = "<group>"; };
		4509F8D01F5A414800927A19 /* vector file.cpp */ = {isa = PBXFileReference; fileEncoding = 4; lastKnownFileType = sourcecode.cpp.cpp; path = "vector file.cpp"; sourceTree = "<group>"; };
		4509F8D11F5A414800927A19 /* vector file.hpp */ = {isa = PBXFileReference; fileEncoding = 4; lastKnownFileType = sourcecode.cpp.h; path = "vector file.hpp"; sourceTree = "<group>"; };
		4509F8D31F5A429800927A19 /* player sprite.yaml */ = {isa = PBXFileReference; fileEncoding = 4; lastKnownFileType = text; path = "player sprite.yaml"; sourceTree = "<group>"; };
		4509F8E01F5BB23600927A19 /* vector sprite render component.cpp */ = {isa = PBXFileReference; fileEncoding = 4; lastKnownFileType = sourcecode.cpp.cpp; path = "vector sprite render component.cpp"; sourceTree = "<group>"; };
		4509F8E11F5BB23600927A19 /* vector sprite render component.hpp */ = {isa = PBXFileReference; fileEncoding = 4; lastKnownFileType = sourcecode.cpp.h; path = "vector sprite render component.hpp"; sourceTree = "<group>"; };
		4509F8E41F5CE20000927A19 /* rendering context.cpp */ = {isa = PBXFileReference; fileEncoding = 4; lastKnownFileType = sourcecode.cpp.cpp; path = "rendering context.cpp"; sourceTree = "<group>"; };
		4509F8E51F5CE20000927A19 /* rendering context.hpp */ = {isa = PBXFileReference; fileEncoding = 4; lastKnownFileType = sourcecode.cpp.h; path = "rendering context.hpp"; sourceTree = "<group>"; };
		4509F8E71F5CE2AE00927A19 /* libnanovg.a */ = {isa = PBXFileReference; lastKnownFileType = archive.ar; name = libnanovg.a; path = ../../../../../../../usr/local/lib/libnanovg.a; sourceTree = "<group>"; };
		4509F8E91F5D247100927A19 /* CoreVideo.framework */ = {isa = PBXFileReference; lastKnownFileType = wrapper.framework; name = CoreVideo.framework; path = System/Library/Frameworks/CoreVideo.framework; sourceTree = SDKROOT; };
		4509F8EB1F5D247700927A19 /* Cocoa.framework */ = {isa = PBXFileReference; lastKnownFileType = wrapper.framework; name = Cocoa.framework; path = System/Library/Frameworks/Cocoa.framework; sourceTree = SDKROOT; };
		4509F8ED1F5D247D00927A19 /* IOKit.framework */ = {isa = PBXFileReference; lastKnownFileType = wrapper.framework; name = IOKit.framework; path = System/Library/Frameworks/IOKit.framework; sourceTree = SDKROOT; };
		4509F8EF1F5D248500927A19 /* OpenGL.framework */ = {isa = PBXFileReference; lastKnownFileType = wrapper.framework; name = OpenGL.framework; path = System/Library/Frameworks/OpenGL.framework; sourceTree = SDKROOT; };
		4509F8F21F5D326A00927A19 /* libGLEW.2.1.0.dylib */ = {isa = PBXFileReference; lastKnownFileType = "compiled.mach-o.dylib"; name = libGLEW.2.1.0.dylib; path = ../../../../../../../usr/local/Cellar/glew/2.1.0/lib/libGLEW.2.1.0.dylib; sourceTree = "<group>"; };
		4509F8F41F5D359B00927A19 /* vector render.cpp */ = {isa = PBXFileReference; fileEncoding = 4; lastKnownFileType = sourcecode.cpp.cpp; path = "vector render.cpp"; sourceTree = "<group>"; };
		4509F8F51F5D359B00927A19 /* vector render.hpp */ = {isa = PBXFileReference; fileEncoding = 4; lastKnownFileType = sourcecode.cpp.h; path = "vector render.hpp"; sourceTree = "<group>"; };
		4509F8F71F5D3DD000927A19 /* nvg helper.cpp */ = {isa = PBXFileReference; fileEncoding = 4; lastKnownFileType = sourcecode.cpp.cpp; path = "nvg helper.cpp"; sourceTree = "<group>"; };
		4509F8F81F5D3DD000927A19 /* nvg helper.hpp */ = {isa = PBXFileReference; fileEncoding = 4; lastKnownFileType = sourcecode.cpp.h; path = "nvg helper.hpp"; sourceTree = "<group>"; };
		4509F8FD1F5E7E2500927A19 /* vector line shape.cpp */ = {isa = PBXFileReference; fileEncoding = 4; lastKnownFileType = sourcecode.cpp.cpp; path = "vector line shape.cpp"; sourceTree = "<group>"; };
		4509F8FE1F5E7E2500927A19 /* vector line shape.hpp */ = {isa = PBXFileReference; fileEncoding = 4; lastKnownFileType = sourcecode.cpp.h; path = "vector line shape.hpp"; sourceTree = "<group>"; };
		4509F9001F5E816F00927A19 /* yaml helper.cpp */ = {isa = PBXFileReference; fileEncoding = 4; lastKnownFileType = sourcecode.cpp.cpp; path = "yaml helper.cpp"; sourceTree = "<group>"; };
		4509F9011F5E816F00927A19 /* yaml helper.hpp */ = {isa = PBXFileReference; fileEncoding = 4; lastKnownFileType = sourcecode.cpp.h; path = "yaml helper.hpp"; sourceTree = "<group>"; };
		4509F9031F5E8EC200927A19 /* vector circle shape.cpp */ = {isa = PBXFileReference; fileEncoding = 4; lastKnownFileType = sourcecode.cpp.cpp; path = "vector circle shape.cpp"; sourceTree = "<group>"; };
		4509F9041F5E8EC200927A19 /* vector circle shape.hpp */ = {isa = PBXFileReference; fileEncoding = 4; lastKnownFileType = sourcecode.cpp.h; path = "vector circle shape.hpp"; sourceTree = "<group>"; };
		452FF9BB1F639922003A98B1 /* Consolas.ttf */ = {isa = PBXFileReference; lastKnownFileType = file; path = Consolas.ttf; sourceTree = "<group>"; };
		452FF9C21F63D053003A98B1 /* animation component.cpp */ = {isa = PBXFileReference; fileEncoding = 4; lastKnownFileType = sourcecode.cpp.cpp; path = "animation component.cpp"; sourceTree = "<group>"; };
		452FF9C31F63D053003A98B1 /* animation component.hpp */ = {isa = PBXFileReference; fileEncoding = 4; lastKnownFileType = sourcecode.cpp.h; path = "animation component.hpp"; sourceTree = "<group>"; };
		452FF9C51F63D05D003A98B1 /* animation system.cpp */ = {isa = PBXFileReference; fileEncoding = 4; lastKnownFileType = sourcecode.cpp.cpp; path = "animation system.cpp"; sourceTree = "<group>"; };
		452FF9C61F63D05D003A98B1 /* animation system.hpp */ = {isa = PBXFileReference; fileEncoding = 4; lastKnownFileType = sourcecode.cpp.h; path = "animation system.hpp"; sourceTree = "<group>"; };
		452FF9C91F63D829003A98B1 /* input commands.cpp */ = {isa = PBXFileReference; fileEncoding = 4; lastKnownFileType = sourcecode.cpp.cpp; path = "input commands.cpp"; sourceTree = "<group>"; };
		452FF9CA1F63D829003A98B1 /* input commands.hpp */ = {isa = PBXFileReference; fileEncoding = 4; lastKnownFileType = sourcecode.cpp.h; path = "input commands.hpp"; sourceTree = "<group>"; };
		452FF9CC1F63DAC2003A98B1 /* physics state.cpp */ = {isa = PBXFileReference; fileEncoding = 4; lastKnownFileType = sourcecode.cpp.cpp; path = "physics state.cpp"; sourceTree = "<group>"; };
		452FF9CD1F63DAC2003A98B1 /* physics state.hpp */ = {isa = PBXFileReference; fileEncoding = 4; lastKnownFileType = sourcecode.cpp.h; path = "physics state.hpp"; sourceTree = "<group>"; };
		452FF9CF1F63DB5A003A98B1 /* rendering state.cpp */ = {isa = PBXFileReference; fileEncoding = 4; lastKnownFileType = sourcecode.cpp.cpp; path = "rendering state.cpp"; sourceTree = "<group>"; };
		452FF9D01F63DB5A003A98B1 /* rendering state.hpp */ = {isa = PBXFileReference; fileEncoding = 4; lastKnownFileType = sourcecode.cpp.h; path = "rendering state.hpp"; sourceTree = "<group>"; };
		452FF9D21F63DDF1003A98B1 /* player input commands.cpp */ = {isa = PBXFileReference; fileEncoding = 4; lastKnownFileType = sourcecode.cpp.cpp; path = "player input commands.cpp"; sourceTree = "<group>"; };
		452FF9D31F63DDF1003A98B1 /* player input commands.hpp */ = {isa = PBXFileReference; fileEncoding = 4; lastKnownFileType = sourcecode.cpp.h; path = "player input commands.hpp"; sourceTree = "<group>"; };
		452FF9D51F63E394003A98B1 /* player physics state.cpp */ = {isa = PBXFileReference; fileEncoding = 4; lastKnownFileType = sourcecode.cpp.cpp; path = "player physics state.cpp"; sourceTree = "<group>"; };
		452FF9D61F63E394003A98B1 /* player physics state.hpp */ = {isa = PBXFileReference; fileEncoding = 4; lastKnownFileType = sourcecode.cpp.h; path = "player physics state.hpp"; sourceTree = "<group>"; };
		452FF9DF1F64D219003A98B1 /* player animation component.cpp */ = {isa = PBXFileReference; fileEncoding = 4; lastKnownFileType = sourcecode.cpp.cpp; path = "player animation component.cpp"; sourceTree = "<group>"; };
		452FF9E01F64D219003A98B1 /* player animation component.hpp */ = {isa = PBXFileReference; fileEncoding = 4; lastKnownFileType = sourcecode.cpp.h; path = "player animation component.hpp"; sourceTree = "<group>"; };
		452FF9E51F64D39D003A98B1 /* vector rendering state.cpp */ = {isa = PBXFileReference; fileEncoding = 4; lastKnownFileType = sourcecode.cpp.cpp; path = "vector rendering state.cpp"; sourceTree = "<group>"; };
		452FF9E61F64D39D003A98B1 /* vector rendering state.hpp */ = {isa = PBXFileReference; fileEncoding = 4; lastKnownFileType = sourcecode.cpp.h; path = "vector rendering state.hpp"; sourceTree = "<group>"; };
		452FF9E81F64DC19003A98B1 /* b2 glm cast.hpp */ = {isa = PBXFileReference; lastKnownFileType = sourcecode.cpp.h; path = "b2 glm cast.hpp"; sourceTree = "<group>"; };
		452FF9F31F6A70DC003A98B1 /* rect.yaml */ = {isa = PBXFileReference; fileEncoding = 4; lastKnownFileType = text; path = rect.yaml; sourceTree = "<group>"; };
		452FF9F51F6BAE5C003A98B1 /* rect 2.yaml */ = {isa = PBXFileReference; fileEncoding = 4; lastKnownFileType = text; path = "rect 2.yaml"; sourceTree = "<group>"; };
		452FF9F71F6BB83E003A98B1 /* sprite test app.cpp */ = {isa = PBXFileReference; fileEncoding = 4; lastKnownFileType = sourcecode.cpp.cpp; path = "sprite test app.cpp"; sourceTree = "<group>"; };
		452FF9F81F6BB83E003A98B1 /* sprite test app.hpp */ = {isa = PBXFileReference; fileEncoding = 4; lastKnownFileType = sourcecode.cpp.h; path = "sprite test app.hpp"; sourceTree = "<group>"; };
		452FF9FB1F6BBEFA003A98B1 /* stb_image_write.h */ = {isa = PBXFileReference; lastKnownFileType = sourcecode.c.h; path = stb_image_write.h; sourceTree = "<group>"; };
		452FF9FC1F6BBF26003A98B1 /* framebuffer to png.cpp */ = {isa = PBXFileReference; fileEncoding = 4; lastKnownFileType = sourcecode.cpp.cpp; path = "framebuffer to png.cpp"; sourceTree = "<group>"; };
		452FF9FD1F6BBF26003A98B1 /* framebuffer to png.hpp */ = {isa = PBXFileReference; fileEncoding = 4; lastKnownFileType = sourcecode.cpp.h; path = "framebuffer to png.hpp"; sourceTree = "<group>"; };
		452FF9FF1F6BBF41003A98B1 /* stb_image_write.c */ = {isa = PBXFileReference; fileEncoding = 4; lastKnownFileType = sourcecode.c.c; path = stb_image_write.c; sourceTree = "<group>"; };
		452FFA021F6BC50D003A98B1 /* Box2D.h */ = {isa = PBXFileReference; fileEncoding = 4; lastKnownFileType = sourcecode.c.h; path = Box2D.h; sourceTree = "<group>"; };
		452FFA041F6BC50D003A98B1 /* b2BroadPhase.cpp */ = {isa = PBXFileReference; fileEncoding = 4; lastKnownFileType = sourcecode.cpp.cpp; path = b2BroadPhase.cpp; sourceTree = "<group>"; };
		452FFA051F6BC50D003A98B1 /* b2BroadPhase.h */ = {isa = PBXFileReference; fileEncoding = 4; lastKnownFileType = sourcecode.c.h; path = b2BroadPhase.h; sourceTree = "<group>"; };
		452FFA061F6BC50D003A98B1 /* b2CollideCircle.cpp */ = {isa = PBXFileReference; fileEncoding = 4; lastKnownFileType = sourcecode.cpp.cpp; path = b2CollideCircle.cpp; sourceTree = "<group>"; };
		452FFA071F6BC50D003A98B1 /* b2CollideEdge.cpp */ = {isa = PBXFileReference; fileEncoding = 4; lastKnownFileType = sourcecode.cpp.cpp; path = b2CollideEdge.cpp; sourceTree = "<group>"; };
		452FFA081F6BC50D003A98B1 /* b2CollidePolygon.cpp */ = {isa = PBXFileReference; fileEncoding = 4; lastKnownFileType = sourcecode.cpp.cpp; path = b2CollidePolygon.cpp; sourceTree = "<group>"; };
		452FFA091F6BC50D003A98B1 /* b2Collision.cpp */ = {isa = PBXFileReference; fileEncoding = 4; lastKnownFileType = sourcecode.cpp.cpp; path = b2Collision.cpp; sourceTree = "<group>"; };
		452FFA0A1F6BC50D003A98B1 /* b2Collision.h */ = {isa = PBXFileReference; fileEncoding = 4; lastKnownFileType = sourcecode.c.h; path = b2Collision.h; sourceTree = "<group>"; };
		452FFA0B1F6BC50D003A98B1 /* b2Distance.cpp */ = {isa = PBXFileReference; fileEncoding = 4; lastKnownFileType = sourcecode.cpp.cpp; path = b2Distance.cpp; sourceTree = "<group>"; };
		452FFA0C1F6BC50D003A98B1 /* b2Distance.h */ = {isa = PBXFileReference; fileEncoding = 4; lastKnownFileType = sourcecode.c.h; path = b2Distance.h; sourceTree = "<group>"; };
		452FFA0D1F6BC50D003A98B1 /* b2DynamicTree.cpp */ = {isa = PBXFileReference; fileEncoding = 4; lastKnownFileType = sourcecode.cpp.cpp; path = b2DynamicTree.cpp; sourceTree = "<group>"; };
		452FFA0E1F6BC50D003A98B1 /* b2DynamicTree.h */ = {isa = PBXFileReference; fileEncoding = 4; lastKnownFileType = sourcecode.c.h; path = b2DynamicTree.h; sourceTree = "<group>"; };
		452FFA0F1F6BC50D003A98B1 /* b2TimeOfImpact.cpp */ = {isa = PBXFileReference; fileEncoding = 4; lastKnownFileType = sourcecode.cpp.cpp; path = b2TimeOfImpact.cpp; sourceTree = "<group>"; };
		452FFA101F6BC50D003A98B1 /* b2TimeOfImpact.h */ = {isa = PBXFileReference; fileEncoding = 4; lastKnownFileType = sourcecode.c.h; path = b2TimeOfImpact.h; sourceTree = "<group>"; };
		452FFA121F6BC50D003A98B1 /* b2ChainShape.cpp */ = {isa = PBXFileReference; fileEncoding = 4; lastKnownFileType = sourcecode.cpp.cpp; path = b2ChainShape.cpp; sourceTree = "<group>"; };
		452FFA131F6BC50D003A98B1 /* b2ChainShape.h */ = {isa = PBXFileReference; fileEncoding = 4; lastKnownFileType = sourcecode.c.h; path = b2ChainShape.h; sourceTree = "<group>"; };
		452FFA141F6BC50D003A98B1 /* b2CircleShape.cpp */ = {isa = PBXFileReference; fileEncoding = 4; lastKnownFileType = sourcecode.cpp.cpp; path = b2CircleShape.cpp; sourceTree = "<group>"; };
		452FFA151F6BC50D003A98B1 /* b2CircleShape.h */ = {isa = PBXFileReference; fileEncoding = 4; lastKnownFileType = sourcecode.c.h; path = b2CircleShape.h; sourceTree = "<group>"; };
		452FFA161F6BC50D003A98B1 /* b2EdgeShape.cpp */ = {isa = PBXFileReference; fileEncoding = 4; lastKnownFileType = sourcecode.cpp.cpp; path = b2EdgeShape.cpp; sourceTree = "<group>"; };
		452FFA171F6BC50D003A98B1 /* b2EdgeShape.h */ = {isa = PBXFileReference; fileEncoding = 4; lastKnownFileType = sourcecode.c.h; path = b2EdgeShape.h; sourceTree = "<group>"; };
		452FFA181F6BC50D003A98B1 /* b2PolygonShape.cpp */ = {isa = PBXFileReference; fileEncoding = 4; lastKnownFileType = sourcecode.cpp.cpp; path = b2PolygonShape.cpp; sourceTree = "<group>"; };
		452FFA191F6BC50D003A98B1 /* b2PolygonShape.h */ = {isa = PBXFileReference; fileEncoding = 4; lastKnownFileType = sourcecode.c.h; path = b2PolygonShape.h; sourceTree = "<group>"; };
		452FFA1A1F6BC50D003A98B1 /* b2Shape.h */ = {isa = PBXFileReference; fileEncoding = 4; lastKnownFileType = sourcecode.c.h; path = b2Shape.h; sourceTree = "<group>"; };
		452FFA1C1F6BC50D003A98B1 /* b2BlockAllocator.cpp */ = {isa = PBXFileReference; fileEncoding = 4; lastKnownFileType = sourcecode.cpp.cpp; path = b2BlockAllocator.cpp; sourceTree = "<group>"; };
		452FFA1D1F6BC50D003A98B1 /* b2BlockAllocator.h */ = {isa = PBXFileReference; fileEncoding = 4; lastKnownFileType = sourcecode.c.h; path = b2BlockAllocator.h; sourceTree = "<group>"; };
		452FFA1E1F6BC50D003A98B1 /* b2Draw.cpp */ = {isa = PBXFileReference; fileEncoding = 4; lastKnownFileType = sourcecode.cpp.cpp; path = b2Draw.cpp; sourceTree = "<group>"; };
		452FFA1F1F6BC50D003A98B1 /* b2Draw.h */ = {isa = PBXFileReference; fileEncoding = 4; lastKnownFileType = sourcecode.c.h; path = b2Draw.h; sourceTree = "<group>"; };
		452FFA201F6BC50D003A98B1 /* b2GrowableStack.h */ = {isa = PBXFileReference; fileEncoding = 4; lastKnownFileType = sourcecode.c.h; path = b2GrowableStack.h; sourceTree = "<group>"; };
		452FFA211F6BC50D003A98B1 /* b2Math.cpp */ = {isa = PBXFileReference; fileEncoding = 4; lastKnownFileType = sourcecode.cpp.cpp; path = b2Math.cpp; sourceTree = "<group>"; };
		452FFA221F6BC50D003A98B1 /* b2Math.h */ = {isa = PBXFileReference; fileEncoding = 4; lastKnownFileType = sourcecode.c.h; path = b2Math.h; sourceTree = "<group>"; };
		452FFA231F6BC50D003A98B1 /* b2Settings.cpp */ = {isa = PBXFileReference; fileEncoding = 4; lastKnownFileType = sourcecode.cpp.cpp; path = b2Settings.cpp; sourceTree = "<group>"; };
		452FFA241F6BC50D003A98B1 /* b2Settings.h */ = {isa = PBXFileReference; fileEncoding = 4; lastKnownFileType = sourcecode.c.h; path = b2Settings.h; sourceTree = "<group>"; };
		452FFA251F6BC50D003A98B1 /* b2StackAllocator.cpp */ = {isa = PBXFileReference; fileEncoding = 4; lastKnownFileType = sourcecode.cpp.cpp; path = b2StackAllocator.cpp; sourceTree = "<group>"; };
		452FFA261F6BC50D003A98B1 /* b2StackAllocator.h */ = {isa = PBXFileReference; fileEncoding = 4; lastKnownFileType = sourcecode.c.h; path = b2StackAllocator.h; sourceTree = "<group>"; };
		452FFA271F6BC50D003A98B1 /* b2Timer.cpp */ = {isa = PBXFileReference; fileEncoding = 4; lastKnownFileType = sourcecode.cpp.cpp; path = b2Timer.cpp; sourceTree = "<group>"; };
		452FFA281F6BC50D003A98B1 /* b2Timer.h */ = {isa = PBXFileReference; fileEncoding = 4; lastKnownFileType = sourcecode.c.h; path = b2Timer.h; sourceTree = "<group>"; };
		452FFA2A1F6BC50D003A98B1 /* b2Body.cpp */ = {isa = PBXFileReference; fileEncoding = 4; lastKnownFileType = sourcecode.cpp.cpp; path = b2Body.cpp; sourceTree = "<group>"; };
		452FFA2B1F6BC50D003A98B1 /* b2Body.h */ = {isa = PBXFileReference; fileEncoding = 4; lastKnownFileType = sourcecode.c.h; path = b2Body.h; sourceTree = "<group>"; };
		452FFA2C1F6BC50D003A98B1 /* b2ContactManager.cpp */ = {isa = PBXFileReference; fileEncoding = 4; lastKnownFileType = sourcecode.cpp.cpp; path = b2ContactManager.cpp; sourceTree = "<group>"; };
		452FFA2D1F6BC50D003A98B1 /* b2ContactManager.h */ = {isa = PBXFileReference; fileEncoding = 4; lastKnownFileType = sourcecode.c.h; path = b2ContactManager.h; sourceTree = "<group>"; };
		452FFA2E1F6BC50D003A98B1 /* b2Fixture.cpp */ = {isa = PBXFileReference; fileEncoding = 4; lastKnownFileType = sourcecode.cpp.cpp; path = b2Fixture.cpp; sourceTree = "<group>"; };
		452FFA2F1F6BC50D003A98B1 /* b2Fixture.h */ = {isa = PBXFileReference; fileEncoding = 4; lastKnownFileType = sourcecode.c.h; path = b2Fixture.h; sourceTree = "<group>"; };
		452FFA301F6BC50D003A98B1 /* b2Island.cpp */ = {isa = PBXFileReference; fileEncoding = 4; lastKnownFileType = sourcecode.cpp.cpp; path = b2Island.cpp; sourceTree = "<group>"; };
		452FFA311F6BC50D003A98B1 /* b2Island.h */ = {isa = PBXFileReference; fileEncoding = 4; lastKnownFileType = sourcecode.c.h; path = b2Island.h; sourceTree = "<group>"; };
		452FFA321F6BC50D003A98B1 /* b2TimeStep.h */ = {isa = PBXFileReference; fileEncoding = 4; lastKnownFileType = sourcecode.c.h; path = b2TimeStep.h; sourceTree = "<group>"; };
		452FFA331F6BC50D003A98B1 /* b2World.cpp */ = {isa = PBXFileReference; fileEncoding = 4; lastKnownFileType = sourcecode.cpp.cpp; path = b2World.cpp; sourceTree = "<group>"; };
		452FFA341F6BC50D003A98B1 /* b2World.h */ = {isa = PBXFileReference; fileEncoding = 4; lastKnownFileType = sourcecode.c.h; path = b2World.h; sourceTree = "<group>"; };
		452FFA351F6BC50D003A98B1 /* b2WorldCallbacks.cpp */ = {isa = PBXFileReference; fileEncoding = 4; lastKnownFileType = sourcecode.cpp.cpp; path = b2WorldCallbacks.cpp; sourceTree = "<group>"; };
		452FFA361F6BC50D003A98B1 /* b2WorldCallbacks.h */ = {isa = PBXFileReference; fileEncoding = 4; lastKnownFileType = sourcecode.c.h; path = b2WorldCallbacks.h; sourceTree = "<group>"; };
		452FFA381F6BC50D003A98B1 /* b2ChainAndCircleContact.cpp */ = {isa = PBXFileReference; fileEncoding = 4; lastKnownFileType = sourcecode.cpp.cpp; path = b2ChainAndCircleContact.cpp; sourceTree = "<group>"; };
		452FFA391F6BC50D003A98B1 /* b2ChainAndCircleContact.h */ = {isa = PBXFileReference; fileEncoding = 4; lastKnownFileType = sourcecode.c.h; path = b2ChainAndCircleContact.h; sourceTree = "<group>"; };
		452FFA3A1F6BC50D003A98B1 /* b2ChainAndPolygonContact.cpp */ = {isa = PBXFileReference; fileEncoding = 4; lastKnownFileType = sourcecode.cpp.cpp; path = b2ChainAndPolygonContact.cpp; sourceTree = "<group>"; };
		452FFA3B1F6BC50D003A98B1 /* b2ChainAndPolygonContact.h */ = {isa = PBXFileReference; fileEncoding = 4; lastKnownFileType = sourcecode.c.h; path = b2ChainAndPolygonContact.h; sourceTree = "<group>"; };
		452FFA3C1F6BC50D003A98B1 /* b2CircleContact.cpp */ = {isa = PBXFileReference; fileEncoding = 4; lastKnownFileType = sourcecode.cpp.cpp; path = b2CircleContact.cpp; sourceTree = "<group>"; };
		452FFA3D1F6BC50D003A98B1 /* b2CircleContact.h */ = {isa = PBXFileReference; fileEncoding = 4; lastKnownFileType = sourcecode.c.h; path = b2CircleContact.h; sourceTree = "<group>"; };
		452FFA3E1F6BC50D003A98B1 /* b2Contact.cpp */ = {isa = PBXFileReference; fileEncoding = 4; lastKnownFileType = sourcecode.cpp.cpp; path = b2Contact.cpp; sourceTree = "<group>"; };
		452FFA3F1F6BC50D003A98B1 /* b2Contact.h */ = {isa = PBXFileReference; fileEncoding = 4; lastKnownFileType = sourcecode.c.h; path = b2Contact.h; sourceTree = "<group>"; };
		452FFA401F6BC50D003A98B1 /* b2ContactSolver.cpp */ = {isa = PBXFileReference; fileEncoding = 4; lastKnownFileType = sourcecode.cpp.cpp; path = b2ContactSolver.cpp; sourceTree = "<group>"; };
		452FFA411F6BC50D003A98B1 /* b2ContactSolver.h */ = {isa = PBXFileReference; fileEncoding = 4; lastKnownFileType = sourcecode.c.h; path = b2ContactSolver.h; sourceTree = "<group>"; };
		452FFA421F6BC50D003A98B1 /* b2EdgeAndCircleContact.cpp */ = {isa = PBXFileReference; fileEncoding = 4; lastKnownFileType = sourcecode.cpp.cpp; path = b2EdgeAndCircleContact.cpp; sourceTree = "<group>"; };
		452FFA431F6BC50D003A98B1 /* b2EdgeAndCircleContact.h */ = {isa = PBXFileReference; fileEncoding = 4; lastKnownFileType = sourcecode.c.h; path = b2EdgeAndCircleContact.h; sourceTree = "<group>"; };
		452FFA441F6BC50D003A98B1 /* b2EdgeAndPolygonContact.cpp */ = {isa = PBXFileReference; fileEncoding = 4; lastKnownFileType = sourcecode.cpp.cpp; path = b2EdgeAndPolygonContact.cpp; sourceTree = "<group>"; };
		452FFA451F6BC50D003A98B1 /* b2EdgeAndPolygonContact.h */ = {isa = PBXFileReference; fileEncoding = 4; lastKnownFileType = sourcecode.c.h; path = b2EdgeAndPolygonContact.h; sourceTree = "<group>"; };
		452FFA461F6BC50D003A98B1 /* b2PolygonAndCircleContact.cpp */ = {isa = PBXFileReference; fileEncoding = 4; lastKnownFileType = sourcecode.cpp.cpp; path = b2PolygonAndCircleContact.cpp; sourceTree = "<group>"; };
		452FFA471F6BC50D003A98B1 /* b2PolygonAndCircleContact.h */ = {isa = PBXFileReference; fileEncoding = 4; lastKnownFileType = sourcecode.c.h; path = b2PolygonAndCircleContact.h; sourceTree = "<group>"; };
		452FFA481F6BC50D003A98B1 /* b2PolygonContact.cpp */ = {isa = PBXFileReference; fileEncoding = 4; lastKnownFileType = sourcecode.cpp.cpp; path = b2PolygonContact.cpp; sourceTree = "<group>"; };
		452FFA491F6BC50D003A98B1 /* b2PolygonContact.h */ = {isa = PBXFileReference; fileEncoding = 4; lastKnownFileType = sourcecode.c.h; path = b2PolygonContact.h; sourceTree = "<group>"; };
		452FFA4B1F6BC50D003A98B1 /* b2DistanceJoint.cpp */ = {isa = PBXFileReference; fileEncoding = 4; lastKnownFileType = sourcecode.cpp.cpp; path = b2DistanceJoint.cpp; sourceTree = "<group>"; };
		452FFA4C1F6BC50D003A98B1 /* b2DistanceJoint.h */ = {isa = PBXFileReference; fileEncoding = 4; lastKnownFileType = sourcecode.c.h; path = b2DistanceJoint.h; sourceTree = "<group>"; };
		452FFA4D1F6BC50D003A98B1 /* b2FrictionJoint.cpp */ = {isa = PBXFileReference; fileEncoding = 4; lastKnownFileType = sourcecode.cpp.cpp; path = b2FrictionJoint.cpp; sourceTree = "<group>"; };
		452FFA4E1F6BC50D003A98B1 /* b2FrictionJoint.h */ = {isa = PBXFileReference; fileEncoding = 4; lastKnownFileType = sourcecode.c.h; path = b2FrictionJoint.h; sourceTree = "<group>"; };
		452FFA4F1F6BC50D003A98B1 /* b2GearJoint.cpp */ = {isa = PBXFileReference; fileEncoding = 4; lastKnownFileType = sourcecode.cpp.cpp; path = b2GearJoint.cpp; sourceTree = "<group>"; };
		452FFA501F6BC50D003A98B1 /* b2GearJoint.h */ = {isa = PBXFileReference; fileEncoding = 4; lastKnownFileType = sourcecode.c.h; path = b2GearJoint.h; sourceTree = "<group>"; };
		452FFA511F6BC50D003A98B1 /* b2Joint.cpp */ = {isa = PBXFileReference; fileEncoding = 4; lastKnownFileType = sourcecode.cpp.cpp; path = b2Joint.cpp; sourceTree = "<group>"; };
		452FFA521F6BC50D003A98B1 /* b2Joint.h */ = {isa = PBXFileReference; fileEncoding = 4; lastKnownFileType = sourcecode.c.h; path = b2Joint.h; sourceTree = "<group>"; };
		452FFA531F6BC50D003A98B1 /* b2MotorJoint.cpp */ = {isa = PBXFileReference; fileEncoding = 4; lastKnownFileType = sourcecode.cpp.cpp; path = b2MotorJoint.cpp; sourceTree = "<group>"; };
		452FFA541F6BC50D003A98B1 /* b2MotorJoint.h */ = {isa = PBXFileReference; fileEncoding = 4; lastKnownFileType = sourcecode.c.h; path = b2MotorJoint.h; sourceTree = "<group>"; };
		452FFA551F6BC50D003A98B1 /* b2MouseJoint.cpp */ = {isa = PBXFileReference; fileEncoding = 4; lastKnownFileType = sourcecode.cpp.cpp; path = b2MouseJoint.cpp; sourceTree = "<group>"; };
		452FFA561F6BC50D003A98B1 /* b2MouseJoint.h */ = {isa = PBXFileReference; fileEncoding = 4; lastKnownFileType = sourcecode.c.h; path = b2MouseJoint.h; sourceTree = "<group>"; };
		452FFA571F6BC50D003A98B1 /* b2PrismaticJoint.cpp */ = {isa = PBXFileReference; fileEncoding = 4; lastKnownFileType = sourcecode.cpp.cpp; path = b2PrismaticJoint.cpp; sourceTree = "<group>"; };
		452FFA581F6BC50D003A98B1 /* b2PrismaticJoint.h */ = {isa = PBXFileReference; fileEncoding = 4; lastKnownFileType = sourcecode.c.h; path = b2PrismaticJoint.h; sourceTree = "<group>"; };
		452FFA591F6BC50D003A98B1 /* b2PulleyJoint.cpp */ = {isa = PBXFileReference; fileEncoding = 4; lastKnownFileType = sourcecode.cpp.cpp; path = b2PulleyJoint.cpp; sourceTree = "<group>"; };
		452FFA5A1F6BC50D003A98B1 /* b2PulleyJoint.h */ = {isa = PBXFileReference; fileEncoding = 4; lastKnownFileType = sourcecode.c.h; path = b2PulleyJoint.h; sourceTree = "<group>"; };
		452FFA5B1F6BC50D003A98B1 /* b2RevoluteJoint.cpp */ = {isa = PBXFileReference; fileEncoding = 4; lastKnownFileType = sourcecode.cpp.cpp; path = b2RevoluteJoint.cpp; sourceTree = "<group>"; };
		452FFA5C1F6BC50D003A98B1 /* b2RevoluteJoint.h */ = {isa = PBXFileReference; fileEncoding = 4; lastKnownFileType = sourcecode.c.h; path = b2RevoluteJoint.h; sourceTree = "<group>"; };
		452FFA5D1F6BC50D003A98B1 /* b2RopeJoint.cpp */ = {isa = PBXFileReference; fileEncoding = 4; lastKnownFileType = sourcecode.cpp.cpp; path = b2RopeJoint.cpp; sourceTree = "<group>"; };
		452FFA5E1F6BC50D003A98B1 /* b2RopeJoint.h */ = {isa = PBXFileReference; fileEncoding = 4; lastKnownFileType = sourcecode.c.h; path = b2RopeJoint.h; sourceTree = "<group>"; };
		452FFA5F1F6BC50D003A98B1 /* b2WeldJoint.cpp */ = {isa = PBXFileReference; fileEncoding = 4; lastKnownFileType = sourcecode.cpp.cpp; path = b2WeldJoint.cpp; sourceTree = "<group>"; };
		452FFA601F6BC50D003A98B1 /* b2WeldJoint.h */ = {isa = PBXFileReference; fileEncoding = 4; lastKnownFileType = sourcecode.c.h; path = b2WeldJoint.h; sourceTree = "<group>"; };
		452FFA611F6BC50D003A98B1 /* b2WheelJoint.cpp */ = {isa = PBXFileReference; fileEncoding = 4; lastKnownFileType = sourcecode.cpp.cpp; path = b2WheelJoint.cpp; sourceTree = "<group>"; };
		452FFA621F6BC50D003A98B1 /* b2WheelJoint.h */ = {isa = PBXFileReference; fileEncoding = 4; lastKnownFileType = sourcecode.c.h; path = b2WheelJoint.h; sourceTree = "<group>"; };
		452FFA641F6BC50D003A98B1 /* b2Rope.cpp */ = {isa = PBXFileReference; fileEncoding = 4; lastKnownFileType = sourcecode.cpp.cpp; path = b2Rope.cpp; sourceTree = "<group>"; };
		452FFA651F6BC50D003A98B1 /* b2Rope.h */ = {isa = PBXFileReference; fileEncoding = 4; lastKnownFileType = sourcecode.c.h; path = b2Rope.h; sourceTree = "<group>"; };
		4534A60F1F51289B00F3AC06 /* debug input.cpp */ = {isa = PBXFileReference; fileEncoding = 4; lastKnownFileType = sourcecode.cpp.cpp; path = "debug input.cpp"; sourceTree = "<group>"; };
		4534A6101F51289B00F3AC06 /* debug input.hpp */ = {isa = PBXFileReference; fileEncoding = 4; lastKnownFileType = sourcecode.cpp.h; path = "debug input.hpp"; sourceTree = "<group>"; };
		4538906E1F2ADB13007EBB5A /* app impl.cpp */ = {isa = PBXFileReference; fileEncoding = 4; lastKnownFileType = sourcecode.cpp.cpp; path = "app impl.cpp"; sourceTree = "<group>"; };
		4538906F1F2ADB13007EBB5A /* app impl.hpp */ = {isa = PBXFileReference; fileEncoding = 4; lastKnownFileType = sourcecode.cpp.h; path = "app impl.hpp"; sourceTree = "<group>"; };
		453890701F2ADB13007EBB5A /* file constants.hpp */ = {isa = PBXFileReference; fileEncoding = 4; lastKnownFileType = sourcecode.cpp.h; path = "file constants.hpp"; sourceTree = "<group>"; };
		453890711F2ADB13007EBB5A /* window constants.hpp */ = {isa = PBXFileReference; fileEncoding = 4; lastKnownFileType = sourcecode.cpp.h; path = "window constants.hpp"; sourceTree = "<group>"; };
		453890781F2ADB4B007EBB5A /* rect.hpp */ = {isa = PBXFileReference; fileEncoding = 4; lastKnownFileType = sourcecode.cpp.h; path = rect.hpp; sourceTree = "<group>"; };
		453890791F2ADB4B007EBB5A /* string to scancode.cpp */ = {isa = PBXFileReference; fileEncoding = 4; lastKnownFileType = sourcecode.cpp.cpp; path = "string to scancode.cpp"; sourceTree = "<group>"; };
		4538907A1F2ADB4B007EBB5A /* string to scancode.hpp */ = {isa = PBXFileReference; fileEncoding = 4; lastKnownFileType = sourcecode.cpp.h; path = "string to scancode.hpp"; sourceTree = "<group>"; };
		453892CA1F2AF41F007EBB5A /* render component.cpp */ = {isa = PBXFileReference; fileEncoding = 4; lastKnownFileType = sourcecode.cpp.cpp; path = "render component.cpp"; sourceTree = "<group>"; };
		453892CB1F2AF420007EBB5A /* render component.hpp */ = {isa = PBXFileReference; fileEncoding = 4; lastKnownFileType = sourcecode.cpp.h; path = "render component.hpp"; sourceTree = "<group>"; };
		453892CD1F2AF4E5007EBB5A /* entity id.hpp */ = {isa = PBXFileReference; lastKnownFileType = sourcecode.cpp.h; path = "entity id.hpp"; sourceTree = "<group>"; };
		453892CE1F2AF7FE007EBB5A /* physics component.cpp */ = {isa = PBXFileReference; fileEncoding = 4; lastKnownFileType = sourcecode.cpp.cpp; path = "physics component.cpp"; sourceTree = "<group>"; };
		453892CF1F2AF7FE007EBB5A /* physics component.hpp */ = {isa = PBXFileReference; fileEncoding = 4; lastKnownFileType = sourcecode.cpp.h; path = "physics component.hpp"; sourceTree = "<group>"; };
		453892D11F2AF877007EBB5A /* physics system.cpp */ = {isa = PBXFileReference; fileEncoding = 4; lastKnownFileType = sourcecode.cpp.cpp; path = "physics system.cpp"; sourceTree = "<group>"; };
		453892D21F2AF877007EBB5A /* physics system.hpp */ = {isa = PBXFileReference; fileEncoding = 4; lastKnownFileType = sourcecode.cpp.h; path = "physics system.hpp"; sourceTree = "<group>"; };
		453892D41F2B0074007EBB5A /* entity.cpp */ = {isa = PBXFileReference; fileEncoding = 4; lastKnownFileType = sourcecode.cpp.cpp; path = entity.cpp; sourceTree = "<group>"; };
		453892D51F2B0074007EBB5A /* entity.hpp */ = {isa = PBXFileReference; fileEncoding = 4; lastKnownFileType = sourcecode.cpp.h; path = entity.hpp; sourceTree = "<group>"; };
		453892D71F2B0478007EBB5A /* player.cpp */ = {isa = PBXFileReference; fileEncoding = 4; lastKnownFileType = sourcecode.cpp.cpp; path = player.cpp; sourceTree = "<group>"; };
		453892D81F2B0478007EBB5A /* player.hpp */ = {isa = PBXFileReference; fileEncoding = 4; lastKnownFileType = sourcecode.cpp.h; path = player.hpp; sourceTree = "<group>"; };
		453892E01F2C1206007EBB5A /* input component.cpp */ = {isa = PBXFileReference; fileEncoding = 4; lastKnownFileType = sourcecode.cpp.cpp; path = "input component.cpp"; sourceTree = "<group>"; };
		453892E11F2C1206007EBB5A /* input component.hpp */ = {isa = PBXFileReference; fileEncoding = 4; lastKnownFileType = sourcecode.cpp.h; path = "input component.hpp"; sourceTree = "<group>"; };
		453892E31F2C1757007EBB5A /* input system.cpp */ = {isa = PBXFileReference; fileEncoding = 4; lastKnownFileType = sourcecode.cpp.cpp; path = "input system.cpp"; sourceTree = "<group>"; };
		453892E41F2C1757007EBB5A /* input system.hpp */ = {isa = PBXFileReference; fileEncoding = 4; lastKnownFileType = sourcecode.cpp.h; path = "input system.hpp"; sourceTree = "<group>"; };
		453892E61F2C1A06007EBB5A /* player input component.cpp */ = {isa = PBXFileReference; fileEncoding = 4; lastKnownFileType = sourcecode.cpp.cpp; path = "player input component.cpp"; sourceTree = "<group>"; };
		453892E71F2C1A06007EBB5A /* player input component.hpp */ = {isa = PBXFileReference; fileEncoding = 4; lastKnownFileType = sourcecode.cpp.h; path = "player input component.hpp"; sourceTree = "<group>"; };
		453892EC1F2C2117007EBB5A /* player constants.hpp */ = {isa = PBXFileReference; lastKnownFileType = sourcecode.cpp.h; path = "player constants.hpp"; sourceTree = "<group>"; };
		453892ED1F2C2487007EBB5A /* rendering system.cpp */ = {isa = PBXFileReference; fileEncoding = 4; lastKnownFileType = sourcecode.cpp.cpp; path = "rendering system.cpp"; sourceTree = "<group>"; };
		453892EE1F2C2487007EBB5A /* rendering system.hpp */ = {isa = PBXFileReference; fileEncoding = 4; lastKnownFileType = sourcecode.cpp.h; path = "rendering system.hpp"; sourceTree = "<group>"; };
		453892F91F2C4209007EBB5A /* entity manager.cpp */ = {isa = PBXFileReference; fileEncoding = 4; lastKnownFileType = sourcecode.cpp.cpp; path = "entity manager.cpp"; sourceTree = "<group>"; };
		453892FA1F2C4209007EBB5A /* entity manager.hpp */ = {isa = PBXFileReference; fileEncoding = 4; lastKnownFileType = sourcecode.cpp.h; path = "entity manager.hpp"; sourceTree = "<group>"; };
		453892FE1F2C4BA6007EBB5A /* factory fwd.hpp */ = {isa = PBXFileReference; lastKnownFileType = sourcecode.cpp.h; path = "factory fwd.hpp"; sourceTree = "<group>"; };
		453892FF1F2C4D6B007EBB5A /* platform.cpp */ = {isa = PBXFileReference; fileEncoding = 4; lastKnownFileType = sourcecode.cpp.cpp; path = platform.cpp; sourceTree = "<group>"; };
		453893001F2C4D6B007EBB5A /* platform.hpp */ = {isa = PBXFileReference; fileEncoding = 4; lastKnownFileType = sourcecode.cpp.h; path = platform.hpp; sourceTree = "<group>"; };
		453893061F2C572D007EBB5A /* platform constants.hpp */ = {isa = PBXFileReference; lastKnownFileType = sourcecode.cpp.h; path = "platform constants.hpp"; sourceTree = "<group>"; };
		453893071F2D6F21007EBB5A /* debug draw.cpp */ = {isa = PBXFileReference; fileEncoding = 4; lastKnownFileType = sourcecode.cpp.cpp; path = "debug draw.cpp"; sourceTree = "<group>"; };
		453893081F2D6F21007EBB5A /* debug draw.hpp */ = {isa = PBXFileReference; fileEncoding = 4; lastKnownFileType = sourcecode.cpp.h; path = "debug draw.hpp"; sourceTree = "<group>"; };
		4538930A1F2D6F5D007EBB5A /* camera.cpp */ = {isa = PBXFileReference; fileEncoding = 4; lastKnownFileType = sourcecode.cpp.cpp; path = camera.cpp; sourceTree = "<group>"; };
		4538930B1F2D6F5D007EBB5A /* camera.hpp */ = {isa = PBXFileReference; fileEncoding = 4; lastKnownFileType = sourcecode.cpp.h; path = camera.hpp; sourceTree = "<group>"; };
		454116181F523D7400C2865B /* camera pos.cpp */ = {isa = PBXFileReference; fileEncoding = 4; lastKnownFileType = sourcecode.cpp.cpp; path = "camera pos.cpp"; sourceTree = "<group>"; };
		454116191F523D7400C2865B /* camera pos.hpp */ = {isa = PBXFileReference; fileEncoding = 4; lastKnownFileType = sourcecode.cpp.h; path = "camera pos.hpp"; sourceTree = "<group>"; };
		4541161B1F523D8200C2865B /* camera zoom.cpp */ = {isa = PBXFileReference; fileEncoding = 4; lastKnownFileType = sourcecode.cpp.cpp; path = "camera zoom.cpp"; sourceTree = "<group>"; };
		4541161C1F523D8200C2865B /* camera zoom.hpp */ = {isa = PBXFileReference; fileEncoding = 4; lastKnownFileType = sourcecode.cpp.h; path = "camera zoom.hpp"; sourceTree = "<group>"; };
		4541161E1F523DA400C2865B /* camera motion track.cpp */ = {isa = PBXFileReference; fileEncoding = 4; lastKnownFileType = sourcecode.cpp.cpp; path = "camera motion track.cpp"; sourceTree = "<group>"; };
		4541161F1F523DA400C2865B /* camera motion track.hpp */ = {isa = PBXFileReference; fileEncoding = 4; lastKnownFileType = sourcecode.cpp.h; path = "camera motion track.hpp"; sourceTree = "<group>"; };
		454116281F5255CD00C2865B /* camera window size.cpp */ = {isa = PBXFileReference; fileEncoding = 4; lastKnownFileType = sourcecode.cpp.cpp; path = "camera window size.cpp"; sourceTree = "<group>"; };
		454116291F5255CD00C2865B /* camera window size.hpp */ = {isa = PBXFileReference; fileEncoding = 4; lastKnownFileType = sourcecode.cpp.h; path = "camera window size.hpp"; sourceTree = "<group>"; };
		4541162B1F526DB200C2865B /* input constants.hpp */ = {isa = PBXFileReference; lastKnownFileType = sourcecode.cpp.h; path = "input constants.hpp"; sourceTree = "<group>"; };
		4541162D1F526DDB00C2865B /* physics constants.hpp */ = {isa = PBXFileReference; lastKnownFileType = sourcecode.cpp.h; path = "physics constants.hpp"; sourceTree = "<group>"; };
		4541162E1F5405FD00C2865B /* camera props.cpp */ = {isa = PBXFileReference; fileEncoding = 4; lastKnownFileType = sourcecode.cpp.cpp; path = "camera props.cpp"; sourceTree = "<group>"; };
		4541162F1F5405FD00C2865B /* camera props.hpp */ = {isa = PBXFileReference; fileEncoding = 4; lastKnownFileType = sourcecode.cpp.h; path = "camera props.hpp"; sourceTree = "<group>"; };
		454116331F5622D600C2865B /* camera zoom track.cpp */ = {isa = PBXFileReference; fileEncoding = 4; lastKnownFileType = sourcecode.cpp.cpp; path = "camera zoom track.cpp"; sourceTree = "<group>"; };
		454116341F5622D700C2865B /* camera zoom track.hpp */ = {isa = PBXFileReference; fileEncoding = 4; lastKnownFileType = sourcecode.cpp.h; path = "camera zoom track.hpp"; sourceTree = "<group>"; };
		4592BAD11F11B48F00D1640D /* Catastrophe.app */ = {isa = PBXFileReference; explicitFileType = wrapper.application; includeInIndex = 0; path = Catastrophe.app; sourceTree = BUILT_PRODUCTS_DIR; };
		4592BAD81F11B48F00D1640D /* Assets.xcassets */ = {isa = PBXFileReference; lastKnownFileType = folder.assetcatalog; path = Assets.xcassets; sourceTree = "<group>"; };
		4592BADD1F11B48F00D1640D /* Info.plist */ = {isa = PBXFileReference; lastKnownFileType = text.plist.xml; path = Info.plist; sourceTree = "<group>"; };
		4592BAE31F11B51400D1640D /* main.cpp */ = {isa = PBXFileReference; fileEncoding = 4; lastKnownFileType = sourcecode.cpp.cpp; path = main.cpp; sourceTree = "<group>"; };
		4592BAF51F11D71600D1640D /* libSDL2-2.0.0.dylib */ = {isa = PBXFileReference; lastKnownFileType = "compiled.mach-o.dylib"; name = "libSDL2-2.0.0.dylib"; path = "../../../../../../../usr/local/Cellar/sdl2/2.0.5/lib/libSDL2-2.0.0.dylib"; sourceTree = "<group>"; };
		4592BAF91F11D75200D1640D /* libSimpleton Engine.dylib */ = {isa = PBXFileReference; lastKnownFileType = "compiled.mach-o.dylib"; name = "libSimpleton Engine.dylib"; path = "../../../../../../../usr/local/lib/libSimpleton Engine.dylib"; sourceTree = "<group>"; };
		45DE9FA01F6CAD4300B1DA72 /* player body.yaml */ = {isa = PBXFileReference; fileEncoding = 4; lastKnownFileType = text; path = "player body.yaml"; sourceTree = "<group>"; };
		45DE9FA21F6CADA400B1DA72 /* physics file.cpp */ = {isa = PBXFileReference; fileEncoding = 4; lastKnownFileType = sourcecode.cpp.cpp; path = "physics file.cpp"; sourceTree = "<group>"; };
		45DE9FA31F6CADA400B1DA72 /* physics file.hpp */ = {isa = PBXFileReference; fileEncoding = 4; lastKnownFileType = sourcecode.cpp.h; path = "physics file.hpp"; sourceTree = "<group>"; };
		45DE9FA51F6D01F800B1DA72 /* make physics comp.cpp */ = {isa = PBXFileReference; fileEncoding = 4; lastKnownFileType = sourcecode.cpp.cpp; path = "make physics comp.cpp"; sourceTree = "<group>"; };
		45DE9FA61F6D01F800B1DA72 /* make physics comp.hpp */ = {isa = PBXFileReference; fileEncoding = 4; lastKnownFileType = sourcecode.cpp.h; path = "make physics comp.hpp"; sourceTree = "<group>"; };
		45DE9FA81F6D02EF00B1DA72 /* platform body.yaml */ = {isa = PBXFileReference; fileEncoding = 4; lastKnownFileType = text; path = "platform body.yaml"; sourceTree = "<group>"; };
		45DE9FAA1F6D102A00B1DA72 /* yaml param.cpp */ = {isa = PBXFileReference; fileEncoding = 4; lastKnownFileType = sourcecode.cpp.cpp; path = "yaml param.cpp"; sourceTree = "<group>"; };
		45DE9FAB1F6D102A00B1DA72 /* yaml param.hpp */ = {isa = PBXFileReference; fileEncoding = 4; lastKnownFileType = sourcecode.cpp.h; path = "yaml param.hpp"; sourceTree = "<group>"; };
		45DE9FB01F6DF5AF00B1DA72 /* systems.hpp */ = {isa = PBXFileReference; lastKnownFileType = sourcecode.cpp.h; path = systems.hpp; sourceTree = "<group>"; };
		45DE9FB11F6DF5B900B1DA72 /* systems fwd.hpp */ = {isa = PBXFileReference; lastKnownFileType = sourcecode.cpp.h; path = "systems fwd.hpp"; sourceTree = "<group>"; };
		45DE9FB21F6DFCD300B1DA72 /* platform sprite.yaml */ = {isa = PBXFileReference; fileEncoding = 4; lastKnownFileType = text; path = "platform sprite.yaml"; sourceTree = "<group>"; };
		45DE9FB41F6E02AF00B1DA72 /* static vector animation component.cpp */ = {isa = PBXFileReference; fileEncoding = 4; lastKnownFileType = sourcecode.cpp.cpp; path = "static vector animation component.cpp"; sourceTree = "<group>"; };
		45DE9FB51F6E02AF00B1DA72 /* static vector animation component.hpp */ = {isa = PBXFileReference; fileEncoding = 4; lastKnownFileType = sourcecode.cpp.h; path = "static vector animation component.hpp"; sourceTree = "<group>"; };
		45DE9FB71F6E1B0C00B1DA72 /* camera debug render constants.hpp */ = {isa = PBXFileReference; lastKnownFileType = sourcecode.cpp.h; path = "camera debug render constants.hpp"; sourceTree = "<group>"; };
		45DE9FB81F6E394900B1DA72 /* player entity.yaml */ = {isa = PBXFileReference; fileEncoding = 4; lastKnownFileType = text; path = "player entity.yaml"; sourceTree = "<group>"; };
		45F3DB441F160B710058D36B /* libyaml-cpp.0.5.3.dylib */ = {isa = PBXFileReference; lastKnownFileType = "compiled.mach-o.dylib"; name = "libyaml-cpp.0.5.3.dylib"; path = "../../../../../../../usr/local/Cellar/yaml-cpp/0.5.3/lib/libyaml-cpp.0.5.3.dylib"; sourceTree = "<group>"; };
		45FA99131F330A1E00F8C639 /* player physics component.cpp */ = {isa = PBXFileReference; fileEncoding = 4; lastKnownFileType = sourcecode.cpp.cpp; path = "player physics component.cpp"; sourceTree = "<group>"; };
		45FA99141F330A1E00F8C639 /* player physics component.hpp */ = {isa = PBXFileReference; fileEncoding = 4; lastKnownFileType = sourcecode.cpp.h; path = "player physics component.hpp"; sourceTree = "<group>"; };
		45FA99161F33104200F8C639 /* simple physics component.cpp */ = {isa = PBXFileReference; fileEncoding = 4; lastKnownFileType = sourcecode.cpp.cpp; path = "simple physics component.cpp"; sourceTree = "<group>"; };
		45FA99171F33104200F8C639 /* simple physics component.hpp */ = {isa = PBXFileReference; fileEncoding = 4; lastKnownFileType = sourcecode.cpp.h; path = "simple physics component.hpp"; sourceTree = "<group>"; };
		45FA993D1F35476400F8C639 /* contact listener.cpp */ = {isa = PBXFileReference; fileEncoding = 4; lastKnownFileType = sourcecode.cpp.cpp; path = "contact listener.cpp"; sourceTree = "<group>"; };
		45FA993E1F35476400F8C639 /* contact listener.hpp */ = {isa = PBXFileReference; fileEncoding = 4; lastKnownFileType = sourcecode.cpp.h; path = "contact listener.hpp"; sourceTree = "<group>"; };
		45FA99401F354C8D00F8C639 /* object types.hpp */ = {isa = PBXFileReference; lastKnownFileType = sourcecode.cpp.h; path = "object types.hpp"; sourceTree = "<group>"; };
		45FA99431F36A12A00F8C639 /* register collision listeners.cpp */ = {isa = PBXFileReference; fileEncoding = 4; lastKnownFileType = sourcecode.cpp.cpp; path = "register collision listeners.cpp"; sourceTree = "<group>"; };
		45FA99441F36A12A00F8C639 /* register collision listeners.hpp */ = {isa = PBXFileReference; fileEncoding = 4; lastKnownFileType = sourcecode.cpp.h; path = "register collision listeners.hpp"; sourceTree = "<group>"; };
		45FA99471F36CD3500F8C639 /* camera constants.hpp */ = {isa = PBXFileReference; lastKnownFileType = sourcecode.cpp.h; path = "camera constants.hpp"; sourceTree = "<group>"; };
/* End PBXFileReference section */

/* Begin PBXFrameworksBuildPhase section */
		4592BACE1F11B48F00D1640D /* Frameworks */ = {
			isa = PBXFrameworksBuildPhase;
			buildActionMask = 2147483647;
			files = (
				4509F8F31F5D326A00927A19 /* libGLEW.2.1.0.dylib in Frameworks */,
				4509F8F01F5D248500927A19 /* OpenGL.framework in Frameworks */,
				4509F8EE1F5D247D00927A19 /* IOKit.framework in Frameworks */,
				4509F8EC1F5D247700927A19 /* Cocoa.framework in Frameworks */,
				4509F8EA1F5D247100927A19 /* CoreVideo.framework in Frameworks */,
				4509F8E81F5CE2AE00927A19 /* libnanovg.a in Frameworks */,
				4592BAF61F11D71600D1640D /* libSDL2-2.0.0.dylib in Frameworks */,
				4592BAFA1F11D75200D1640D /* libSimpleton Engine.dylib in Frameworks */,
				45F3DB451F160B710058D36B /* libyaml-cpp.0.5.3.dylib in Frameworks */,
			);
			runOnlyForDeploymentPostprocessing = 0;
		};
/* End PBXFrameworksBuildPhase section */

/* Begin PBXGroup section */
		4509F8CC1F5A392300927A19 /* vector */ = {
			isa = PBXGroup;
			children = (
				4509F8CD1F5A395100927A19 /* vector sprite.cpp */,
				4509F8CE1F5A395100927A19 /* vector sprite.hpp */,
				4509F8D01F5A414800927A19 /* vector file.cpp */,
				4509F8D11F5A414800927A19 /* vector file.hpp */,
				4509F8F41F5D359B00927A19 /* vector render.cpp */,
				4509F8F51F5D359B00927A19 /* vector render.hpp */,
				4509F8FD1F5E7E2500927A19 /* vector line shape.cpp */,
				4509F8FE1F5E7E2500927A19 /* vector line shape.hpp */,
				4509F9031F5E8EC200927A19 /* vector circle shape.cpp */,
				4509F9041F5E8EC200927A19 /* vector circle shape.hpp */,
			);
			name = vector;
			sourceTree = "<group>";
		};
		45103F401F2432C5001B24E2 /* input components */ = {
			isa = PBXGroup;
			children = (
				453892E61F2C1A06007EBB5A /* player input component.cpp */,
				453892E71F2C1A06007EBB5A /* player input component.hpp */,
				452FF9D21F63DDF1003A98B1 /* player input commands.cpp */,
				452FF9D31F63DDF1003A98B1 /* player input commands.hpp */,
			);
			name = "input components";
			sourceTree = "<group>";
		};
		45103F411F2432D2001B24E2 /* utils */ = {
			isa = PBXGroup;
			children = (
				4509F9001F5E816F00927A19 /* yaml helper.cpp */,
				4509F9011F5E816F00927A19 /* yaml helper.hpp */,
				45DE9FAA1F6D102A00B1DA72 /* yaml param.cpp */,
				45DE9FAB1F6D102A00B1DA72 /* yaml param.hpp */,
				453890781F2ADB4B007EBB5A /* rect.hpp */,
				453890791F2ADB4B007EBB5A /* string to scancode.cpp */,
				4538907A1F2ADB4B007EBB5A /* string to scancode.hpp */,
				452FF9E81F64DC19003A98B1 /* b2 glm cast.hpp */,
				452FF9FC1F6BBF26003A98B1 /* framebuffer to png.cpp */,
				452FF9FD1F6BBF26003A98B1 /* framebuffer to png.hpp */,
			);
			name = utils;
			sourceTree = "<group>";
		};
		45103F591F2497CD001B24E2 /* rendering */ = {
			isa = PBXGroup;
			children = (
				453892F81F2C417F007EBB5A /* render components */,
				454116211F523DAC00C2865B /* camera */,
				4509F8CC1F5A392300927A19 /* vector */,
				453892CA1F2AF41F007EBB5A /* render component.cpp */,
				453892CB1F2AF420007EBB5A /* render component.hpp */,
				453892ED1F2C2487007EBB5A /* rendering system.cpp */,
				453892EE1F2C2487007EBB5A /* rendering system.hpp */,
				4509F8E41F5CE20000927A19 /* rendering context.cpp */,
				4509F8E51F5CE20000927A19 /* rendering context.hpp */,
				4509F8F71F5D3DD000927A19 /* nvg helper.cpp */,
				4509F8F81F5D3DD000927A19 /* nvg helper.hpp */,
			);
			name = rendering;
			sourceTree = "<group>";
		};
		451FA2851F1499CC00C43BE9 /* Resources */ = {
			isa = PBXGroup;
			children = (
				452FF9F31F6A70DC003A98B1 /* rect.yaml */,
				452FF9BB1F639922003A98B1 /* Consolas.ttf */,
				4509F8D31F5A429800927A19 /* player sprite.yaml */,
				452FF9F51F6BAE5C003A98B1 /* rect 2.yaml */,
				45DE9FA01F6CAD4300B1DA72 /* player body.yaml */,
				45DE9FA81F6D02EF00B1DA72 /* platform body.yaml */,
				45DE9FB21F6DFCD300B1DA72 /* platform sprite.yaml */,
				45DE9FB81F6E394900B1DA72 /* player entity.yaml */,
			);
			path = Resources;
			sourceTree = "<group>";
		};
		452FF9C01F63D007003A98B1 /* constants */ = {
			isa = PBXGroup;
			children = (
				453890701F2ADB13007EBB5A /* file constants.hpp */,
				453890711F2ADB13007EBB5A /* window constants.hpp */,
				453892EC1F2C2117007EBB5A /* player constants.hpp */,
				453893061F2C572D007EBB5A /* platform constants.hpp */,
				45FA99471F36CD3500F8C639 /* camera constants.hpp */,
				4541162B1F526DB200C2865B /* input constants.hpp */,
				4541162D1F526DDB00C2865B /* physics constants.hpp */,
				45DE9FB71F6E1B0C00B1DA72 /* camera debug render constants.hpp */,
			);
			name = constants;
			sourceTree = "<group>";
		};
		452FF9C11F63D018003A98B1 /* animation */ = {
			isa = PBXGroup;
			children = (
				452FF9C81F63D07B003A98B1 /* animation components */,
				452FF9C21F63D053003A98B1 /* animation component.cpp */,
				452FF9C31F63D053003A98B1 /* animation component.hpp */,
				452FF9C51F63D05D003A98B1 /* animation system.cpp */,
				452FF9C61F63D05D003A98B1 /* animation system.hpp */,
				452FF9CF1F63DB5A003A98B1 /* rendering state.cpp */,
				452FF9D01F63DB5A003A98B1 /* rendering state.hpp */,
			);
			name = animation;
			sourceTree = "<group>";
		};
		452FF9C81F63D07B003A98B1 /* animation components */ = {
			isa = PBXGroup;
			children = (
				452FF9DF1F64D219003A98B1 /* player animation component.cpp */,
				452FF9E01F64D219003A98B1 /* player animation component.hpp */,
				452FF9E51F64D39D003A98B1 /* vector rendering state.cpp */,
				452FF9E61F64D39D003A98B1 /* vector rendering state.hpp */,
				45DE9FB41F6E02AF00B1DA72 /* static vector animation component.cpp */,
				45DE9FB51F6E02AF00B1DA72 /* static vector animation component.hpp */,
			);
			name = "animation components";
			sourceTree = "<group>";
		};
		452FFA011F6BC50D003A98B1 /* Box2D */ = {
			isa = PBXGroup;
			children = (
				452FFA021F6BC50D003A98B1 /* Box2D.h */,
				452FFA031F6BC50D003A98B1 /* Collision */,
				452FFA1B1F6BC50D003A98B1 /* Common */,
				452FFA291F6BC50D003A98B1 /* Dynamics */,
				452FFA631F6BC50D003A98B1 /* Rope */,
			);
			path = Box2D;
			sourceTree = "<group>";
		};
		452FFA031F6BC50D003A98B1 /* Collision */ = {
			isa = PBXGroup;
			children = (
				452FFA041F6BC50D003A98B1 /* b2BroadPhase.cpp */,
				452FFA051F6BC50D003A98B1 /* b2BroadPhase.h */,
				452FFA061F6BC50D003A98B1 /* b2CollideCircle.cpp */,
				452FFA071F6BC50D003A98B1 /* b2CollideEdge.cpp */,
				452FFA081F6BC50D003A98B1 /* b2CollidePolygon.cpp */,
				452FFA091F6BC50D003A98B1 /* b2Collision.cpp */,
				452FFA0A1F6BC50D003A98B1 /* b2Collision.h */,
				452FFA0B1F6BC50D003A98B1 /* b2Distance.cpp */,
				452FFA0C1F6BC50D003A98B1 /* b2Distance.h */,
				452FFA0D1F6BC50D003A98B1 /* b2DynamicTree.cpp */,
				452FFA0E1F6BC50D003A98B1 /* b2DynamicTree.h */,
				452FFA0F1F6BC50D003A98B1 /* b2TimeOfImpact.cpp */,
				452FFA101F6BC50D003A98B1 /* b2TimeOfImpact.h */,
				452FFA111F6BC50D003A98B1 /* Shapes */,
			);
			path = Collision;
			sourceTree = "<group>";
		};
		452FFA111F6BC50D003A98B1 /* Shapes */ = {
			isa = PBXGroup;
			children = (
				452FFA121F6BC50D003A98B1 /* b2ChainShape.cpp */,
				452FFA131F6BC50D003A98B1 /* b2ChainShape.h */,
				452FFA141F6BC50D003A98B1 /* b2CircleShape.cpp */,
				452FFA151F6BC50D003A98B1 /* b2CircleShape.h */,
				452FFA161F6BC50D003A98B1 /* b2EdgeShape.cpp */,
				452FFA171F6BC50D003A98B1 /* b2EdgeShape.h */,
				452FFA181F6BC50D003A98B1 /* b2PolygonShape.cpp */,
				452FFA191F6BC50D003A98B1 /* b2PolygonShape.h */,
				452FFA1A1F6BC50D003A98B1 /* b2Shape.h */,
			);
			path = Shapes;
			sourceTree = "<group>";
		};
		452FFA1B1F6BC50D003A98B1 /* Common */ = {
			isa = PBXGroup;
			children = (
				452FFA1C1F6BC50D003A98B1 /* b2BlockAllocator.cpp */,
				452FFA1D1F6BC50D003A98B1 /* b2BlockAllocator.h */,
				452FFA1E1F6BC50D003A98B1 /* b2Draw.cpp */,
				452FFA1F1F6BC50D003A98B1 /* b2Draw.h */,
				452FFA201F6BC50D003A98B1 /* b2GrowableStack.h */,
				452FFA211F6BC50D003A98B1 /* b2Math.cpp */,
				452FFA221F6BC50D003A98B1 /* b2Math.h */,
				452FFA231F6BC50D003A98B1 /* b2Settings.cpp */,
				452FFA241F6BC50D003A98B1 /* b2Settings.h */,
				452FFA251F6BC50D003A98B1 /* b2StackAllocator.cpp */,
				452FFA261F6BC50D003A98B1 /* b2StackAllocator.h */,
				452FFA271F6BC50D003A98B1 /* b2Timer.cpp */,
				452FFA281F6BC50D003A98B1 /* b2Timer.h */,
			);
			path = Common;
			sourceTree = "<group>";
		};
		452FFA291F6BC50D003A98B1 /* Dynamics */ = {
			isa = PBXGroup;
			children = (
				452FFA2A1F6BC50D003A98B1 /* b2Body.cpp */,
				452FFA2B1F6BC50D003A98B1 /* b2Body.h */,
				452FFA2C1F6BC50D003A98B1 /* b2ContactManager.cpp */,
				452FFA2D1F6BC50D003A98B1 /* b2ContactManager.h */,
				452FFA2E1F6BC50D003A98B1 /* b2Fixture.cpp */,
				452FFA2F1F6BC50D003A98B1 /* b2Fixture.h */,
				452FFA301F6BC50D003A98B1 /* b2Island.cpp */,
				452FFA311F6BC50D003A98B1 /* b2Island.h */,
				452FFA321F6BC50D003A98B1 /* b2TimeStep.h */,
				452FFA331F6BC50D003A98B1 /* b2World.cpp */,
				452FFA341F6BC50D003A98B1 /* b2World.h */,
				452FFA351F6BC50D003A98B1 /* b2WorldCallbacks.cpp */,
				452FFA361F6BC50D003A98B1 /* b2WorldCallbacks.h */,
				452FFA371F6BC50D003A98B1 /* Contacts */,
				452FFA4A1F6BC50D003A98B1 /* Joints */,
			);
			path = Dynamics;
			sourceTree = "<group>";
		};
		452FFA371F6BC50D003A98B1 /* Contacts */ = {
			isa = PBXGroup;
			children = (
				452FFA381F6BC50D003A98B1 /* b2ChainAndCircleContact.cpp */,
				452FFA391F6BC50D003A98B1 /* b2ChainAndCircleContact.h */,
				452FFA3A1F6BC50D003A98B1 /* b2ChainAndPolygonContact.cpp */,
				452FFA3B1F6BC50D003A98B1 /* b2ChainAndPolygonContact.h */,
				452FFA3C1F6BC50D003A98B1 /* b2CircleContact.cpp */,
				452FFA3D1F6BC50D003A98B1 /* b2CircleContact.h */,
				452FFA3E1F6BC50D003A98B1 /* b2Contact.cpp */,
				452FFA3F1F6BC50D003A98B1 /* b2Contact.h */,
				452FFA401F6BC50D003A98B1 /* b2ContactSolver.cpp */,
				452FFA411F6BC50D003A98B1 /* b2ContactSolver.h */,
				452FFA421F6BC50D003A98B1 /* b2EdgeAndCircleContact.cpp */,
				452FFA431F6BC50D003A98B1 /* b2EdgeAndCircleContact.h */,
				452FFA441F6BC50D003A98B1 /* b2EdgeAndPolygonContact.cpp */,
				452FFA451F6BC50D003A98B1 /* b2EdgeAndPolygonContact.h */,
				452FFA461F6BC50D003A98B1 /* b2PolygonAndCircleContact.cpp */,
				452FFA471F6BC50D003A98B1 /* b2PolygonAndCircleContact.h */,
				452FFA481F6BC50D003A98B1 /* b2PolygonContact.cpp */,
				452FFA491F6BC50D003A98B1 /* b2PolygonContact.h */,
			);
			path = Contacts;
			sourceTree = "<group>";
		};
		452FFA4A1F6BC50D003A98B1 /* Joints */ = {
			isa = PBXGroup;
			children = (
				452FFA4B1F6BC50D003A98B1 /* b2DistanceJoint.cpp */,
				452FFA4C1F6BC50D003A98B1 /* b2DistanceJoint.h */,
				452FFA4D1F6BC50D003A98B1 /* b2FrictionJoint.cpp */,
				452FFA4E1F6BC50D003A98B1 /* b2FrictionJoint.h */,
				452FFA4F1F6BC50D003A98B1 /* b2GearJoint.cpp */,
				452FFA501F6BC50D003A98B1 /* b2GearJoint.h */,
				452FFA511F6BC50D003A98B1 /* b2Joint.cpp */,
				452FFA521F6BC50D003A98B1 /* b2Joint.h */,
				452FFA531F6BC50D003A98B1 /* b2MotorJoint.cpp */,
				452FFA541F6BC50D003A98B1 /* b2MotorJoint.h */,
				452FFA551F6BC50D003A98B1 /* b2MouseJoint.cpp */,
				452FFA561F6BC50D003A98B1 /* b2MouseJoint.h */,
				452FFA571F6BC50D003A98B1 /* b2PrismaticJoint.cpp */,
				452FFA581F6BC50D003A98B1 /* b2PrismaticJoint.h */,
				452FFA591F6BC50D003A98B1 /* b2PulleyJoint.cpp */,
				452FFA5A1F6BC50D003A98B1 /* b2PulleyJoint.h */,
				452FFA5B1F6BC50D003A98B1 /* b2RevoluteJoint.cpp */,
				452FFA5C1F6BC50D003A98B1 /* b2RevoluteJoint.h */,
				452FFA5D1F6BC50D003A98B1 /* b2RopeJoint.cpp */,
				452FFA5E1F6BC50D003A98B1 /* b2RopeJoint.h */,
				452FFA5F1F6BC50D003A98B1 /* b2WeldJoint.cpp */,
				452FFA601F6BC50D003A98B1 /* b2WeldJoint.h */,
				452FFA611F6BC50D003A98B1 /* b2WheelJoint.cpp */,
				452FFA621F6BC50D003A98B1 /* b2WheelJoint.h */,
			);
			path = Joints;
			sourceTree = "<group>";
		};
		452FFA631F6BC50D003A98B1 /* Rope */ = {
			isa = PBXGroup;
			children = (
				452FFA641F6BC50D003A98B1 /* b2Rope.cpp */,
				452FFA651F6BC50D003A98B1 /* b2Rope.h */,
			);
			path = Rope;
			sourceTree = "<group>";
		};
		4538904E1F2AD979007EBB5A /* Libraries */ = {
			isa = PBXGroup;
			children = (
				452FF9FB1F6BBEFA003A98B1 /* stb_image_write.h */,
				452FF9FF1F6BBF41003A98B1 /* stb_image_write.c */,
				452FFA011F6BC50D003A98B1 /* Box2D */,
			);
			path = Libraries;
			sourceTree = "<group>";
		};
		453892F61F2C4053007EBB5A /* physics */ = {
			isa = PBXGroup;
			children = (
				45FA99121F3309F800F8C639 /* physics components */,
				453892CE1F2AF7FE007EBB5A /* physics component.cpp */,
				453892CF1F2AF7FE007EBB5A /* physics component.hpp */,
				453892D11F2AF877007EBB5A /* physics system.cpp */,
				453892D21F2AF877007EBB5A /* physics system.hpp */,
				452FF9CC1F63DAC2003A98B1 /* physics state.cpp */,
				452FF9CD1F63DAC2003A98B1 /* physics state.hpp */,
				45FA99401F354C8D00F8C639 /* object types.hpp */,
				45FA993D1F35476400F8C639 /* contact listener.cpp */,
				45FA993E1F35476400F8C639 /* contact listener.hpp */,
				45FA99431F36A12A00F8C639 /* register collision listeners.cpp */,
				45FA99441F36A12A00F8C639 /* register collision listeners.hpp */,
				453893071F2D6F21007EBB5A /* debug draw.cpp */,
				453893081F2D6F21007EBB5A /* debug draw.hpp */,
				45DE9FA21F6CADA400B1DA72 /* physics file.cpp */,
				45DE9FA31F6CADA400B1DA72 /* physics file.hpp */,
			);
			name = physics;
			sourceTree = "<group>";
		};
		453892F71F2C4061007EBB5A /* input */ = {
			isa = PBXGroup;
			children = (
				45103F401F2432C5001B24E2 /* input components */,
				453892E01F2C1206007EBB5A /* input component.cpp */,
				453892E11F2C1206007EBB5A /* input component.hpp */,
				453892E31F2C1757007EBB5A /* input system.cpp */,
				453892E41F2C1757007EBB5A /* input system.hpp */,
				452FF9C91F63D829003A98B1 /* input commands.cpp */,
				452FF9CA1F63D829003A98B1 /* input commands.hpp */,
				4534A60F1F51289B00F3AC06 /* debug input.cpp */,
				4534A6101F51289B00F3AC06 /* debug input.hpp */,
			);
			name = input;
			sourceTree = "<group>";
		};
		453892F81F2C417F007EBB5A /* render components */ = {
			isa = PBXGroup;
			children = (
				4509F8E01F5BB23600927A19 /* vector sprite render component.cpp */,
				4509F8E11F5BB23600927A19 /* vector sprite render component.hpp */,
			);
			name = "render components";
			sourceTree = "<group>";
		};
		453892FD1F2C4B70007EBB5A /* factory */ = {
			isa = PBXGroup;
			children = (
				453892FE1F2C4BA6007EBB5A /* factory fwd.hpp */,
				453892D71F2B0478007EBB5A /* player.cpp */,
				453892D81F2B0478007EBB5A /* player.hpp */,
				453892FF1F2C4D6B007EBB5A /* platform.cpp */,
				453893001F2C4D6B007EBB5A /* platform.hpp */,
				45DE9FA51F6D01F800B1DA72 /* make physics comp.cpp */,
				45DE9FA61F6D01F800B1DA72 /* make physics comp.hpp */,
				45DE9FB01F6DF5AF00B1DA72 /* systems.hpp */,
				45DE9FB11F6DF5B900B1DA72 /* systems fwd.hpp */,
			);
			name = factory;
			sourceTree = "<group>";
		};
		454116211F523DAC00C2865B /* camera */ = {
			isa = PBXGroup;
			children = (
				4538930A1F2D6F5D007EBB5A /* camera.cpp */,
				4538930B1F2D6F5D007EBB5A /* camera.hpp */,
				4541162E1F5405FD00C2865B /* camera props.cpp */,
				4541162F1F5405FD00C2865B /* camera props.hpp */,
				454116181F523D7400C2865B /* camera pos.cpp */,
				454116191F523D7400C2865B /* camera pos.hpp */,
				4541161E1F523DA400C2865B /* camera motion track.cpp */,
				4541161F1F523DA400C2865B /* camera motion track.hpp */,
				4541161B1F523D8200C2865B /* camera zoom.cpp */,
				4541161C1F523D8200C2865B /* camera zoom.hpp */,
				454116331F5622D600C2865B /* camera zoom track.cpp */,
				454116341F5622D700C2865B /* camera zoom track.hpp */,
				454116281F5255CD00C2865B /* camera window size.cpp */,
				454116291F5255CD00C2865B /* camera window size.hpp */,
			);
			name = camera;
			sourceTree = "<group>";
		};
		4592BAC81F11B48F00D1640D = {
			isa = PBXGroup;
			children = (
				4592BAD31F11B48F00D1640D /* Catastrophe */,
				4592BAD21F11B48F00D1640D /* Products */,
				4592BAF41F11D71500D1640D /* Frameworks */,
			);
			sourceTree = "<group>";
		};
		4592BAD21F11B48F00D1640D /* Products */ = {
			isa = PBXGroup;
			children = (
				4592BAD11F11B48F00D1640D /* Catastrophe.app */,
			);
			name = Products;
			sourceTree = "<group>";
		};
		4592BAD31F11B48F00D1640D /* Catastrophe */ = {
			isa = PBXGroup;
			children = (
				4538904E1F2AD979007EBB5A /* Libraries */,
				451FA2851F1499CC00C43BE9 /* Resources */,
				4592BAF31F11D6D300D1640D /* Game */,
				4592BAD81F11B48F00D1640D /* Assets.xcassets */,
				4592BADD1F11B48F00D1640D /* Info.plist */,
				4592BAE31F11B51400D1640D /* main.cpp */,
			);
			path = Catastrophe;
			sourceTree = "<group>";
		};
		4592BAF31F11D6D300D1640D /* Game */ = {
			isa = PBXGroup;
			children = (
				4538906E1F2ADB13007EBB5A /* app impl.cpp */,
				4538906F1F2ADB13007EBB5A /* app impl.hpp */,
				452FF9F71F6BB83E003A98B1 /* sprite test app.cpp */,
				452FF9F81F6BB83E003A98B1 /* sprite test app.hpp */,
				452FF9C01F63D007003A98B1 /* constants */,
				45103F411F2432D2001B24E2 /* utils */,
				453892F71F2C4061007EBB5A /* input */,
				453892F61F2C4053007EBB5A /* physics */,
				452FF9C11F63D018003A98B1 /* animation */,
				45103F591F2497CD001B24E2 /* rendering */,
				453892FD1F2C4B70007EBB5A /* factory */,
				45FA99461F36C9F000F8C639 /* entity */,
			);
			path = Game;
			sourceTree = "<group>";
		};
		4592BAF41F11D71500D1640D /* Frameworks */ = {
			isa = PBXGroup;
			children = (
				4509F8F21F5D326A00927A19 /* libGLEW.2.1.0.dylib */,
				4509F8EF1F5D248500927A19 /* OpenGL.framework */,
				4509F8ED1F5D247D00927A19 /* IOKit.framework */,
				4509F8EB1F5D247700927A19 /* Cocoa.framework */,
				4509F8E91F5D247100927A19 /* CoreVideo.framework */,
				4509F8E71F5CE2AE00927A19 /* libnanovg.a */,
				45F3DB441F160B710058D36B /* libyaml-cpp.0.5.3.dylib */,
				4592BAF91F11D75200D1640D /* libSimpleton Engine.dylib */,
				4592BAF51F11D71600D1640D /* libSDL2-2.0.0.dylib */,
			);
			name = Frameworks;
			sourceTree = "<group>";
		};
		45FA99121F3309F800F8C639 /* physics components */ = {
			isa = PBXGroup;
			children = (
				45FA99131F330A1E00F8C639 /* player physics component.cpp */,
				45FA99141F330A1E00F8C639 /* player physics component.hpp */,
				45FA99161F33104200F8C639 /* simple physics component.cpp */,
				45FA99171F33104200F8C639 /* simple physics component.hpp */,
				452FF9D51F63E394003A98B1 /* player physics state.cpp */,
				452FF9D61F63E394003A98B1 /* player physics state.hpp */,
			);
			name = "physics components";
			sourceTree = "<group>";
		};
		45FA99461F36C9F000F8C639 /* entity */ = {
			isa = PBXGroup;
			children = (
				453892CD1F2AF4E5007EBB5A /* entity id.hpp */,
				453892D41F2B0074007EBB5A /* entity.cpp */,
				453892D51F2B0074007EBB5A /* entity.hpp */,
				453892F91F2C4209007EBB5A /* entity manager.cpp */,
				453892FA1F2C4209007EBB5A /* entity manager.hpp */,
			);
			name = entity;
			sourceTree = "<group>";
		};
/* End PBXGroup section */

/* Begin PBXNativeTarget section */
		4592BAD01F11B48F00D1640D /* Catastrophe */ = {
			isa = PBXNativeTarget;
			buildConfigurationList = 4592BAE01F11B48F00D1640D /* Build configuration list for PBXNativeTarget "Catastrophe" */;
			buildPhases = (
				4592BACD1F11B48F00D1640D /* Sources */,
				4592BACE1F11B48F00D1640D /* Frameworks */,
				4592BACF1F11B48F00D1640D /* Resources */,
				451FA2861F149A7300C43BE9 /* ShellScript */,
			);
			buildRules = (
			);
			dependencies = (
			);
			name = Catastrophe;
			productName = Catastrophe;
			productReference = 4592BAD11F11B48F00D1640D /* Catastrophe.app */;
			productType = "com.apple.product-type.application";
		};
/* End PBXNativeTarget section */

/* Begin PBXProject section */
		4592BAC91F11B48F00D1640D /* Project object */ = {
			isa = PBXProject;
			attributes = {
				LastSwiftUpdateCheck = 0830;
				LastUpgradeCheck = 0830;
				ORGANIZATIONNAME = "Indi Kernick";
				TargetAttributes = {
					4592BAD01F11B48F00D1640D = {
						CreatedOnToolsVersion = 8.3.2;
						ProvisioningStyle = Automatic;
					};
				};
			};
			buildConfigurationList = 4592BACC1F11B48F00D1640D /* Build configuration list for PBXProject "Catastrophe" */;
			compatibilityVersion = "Xcode 3.2";
			developmentRegion = English;
			hasScannedForEncodings = 0;
			knownRegions = (
				en,
				Base,
			);
			mainGroup = 4592BAC81F11B48F00D1640D;
			productRefGroup = 4592BAD21F11B48F00D1640D /* Products */;
			projectDirPath = "";
			projectRoot = "";
			targets = (
				4592BAD01F11B48F00D1640D /* Catastrophe */,
			);
		};
/* End PBXProject section */

/* Begin PBXResourcesBuildPhase section */
		4592BACF1F11B48F00D1640D /* Resources */ = {
			isa = PBXResourcesBuildPhase;
			buildActionMask = 2147483647;
			files = (
				452FF9F61F6BAE5C003A98B1 /* rect 2.yaml in Resources */,
				45DE9FB31F6DFCD300B1DA72 /* platform sprite.yaml in Resources */,
				45DE9FA91F6D02EF00B1DA72 /* platform body.yaml in Resources */,
				452FF9F41F6A70DC003A98B1 /* rect.yaml in Resources */,
				4509F8D41F5A429800927A19 /* player sprite.yaml in Resources */,
				452FF9BC1F639922003A98B1 /* Consolas.ttf in Resources */,
				45DE9FB91F6E394900B1DA72 /* player entity.yaml in Resources */,
				45DE9FA11F6CAD4300B1DA72 /* player body.yaml in Resources */,
				4592BAD91F11B48F00D1640D /* Assets.xcassets in Resources */,
			);
			runOnlyForDeploymentPostprocessing = 0;
		};
/* End PBXResourcesBuildPhase section */

/* Begin PBXShellScriptBuildPhase section */
		451FA2861F149A7300C43BE9 /* ShellScript */ = {
			isa = PBXShellScriptBuildPhase;
			buildActionMask = 2147483647;
			files = (
			);
			inputPaths = (
			);
			outputPaths = (
			);
			runOnlyForDeploymentPostprocessing = 0;
			shellPath = /bin/sh;
			shellScript = "";
		};
/* End PBXShellScriptBuildPhase section */

/* Begin PBXSourcesBuildPhase section */
		4592BACD1F11B48F00D1640D /* Sources */ = {
			isa = PBXSourcesBuildPhase;
			buildActionMask = 2147483647;
			files = (
				452FF9D81F64C104003A98B1 /* player input commands.cpp in Sources */,
				452FFA771F6BC50D003A98B1 /* b2Timer.cpp in Sources */,
				452FFA681F6BC50D003A98B1 /* b2CollideEdge.cpp in Sources */,
				452FFA751F6BC50D003A98B1 /* b2Settings.cpp in Sources */,
				452FFA711F6BC50D003A98B1 /* b2PolygonShape.cpp in Sources */,
				452FFA831F6BC50D003A98B1 /* b2EdgeAndCircleContact.cpp in Sources */,
				452FF9D91F64C104003A98B1 /* input commands.cpp in Sources */,
				452FFA691F6BC50D003A98B1 /* b2CollidePolygon.cpp in Sources */,
				452FF9DA1F64C104003A98B1 /* player physics state.cpp in Sources */,
				452FFA6F1F6BC50D003A98B1 /* b2CircleShape.cpp in Sources */,
				452FF9DB1F64C104003A98B1 /* physics state.cpp in Sources */,
				452FF9DC1F64C104003A98B1 /* animation component.cpp in Sources */,
				452FF9DD1F64C104003A98B1 /* animation system.cpp in Sources */,
				452FF9DE1F64C104003A98B1 /* rendering state.cpp in Sources */,
				4509F8F91F5D3DD000927A19 /* nvg helper.cpp in Sources */,
				452FF9E71F64D39D003A98B1 /* vector rendering state.cpp in Sources */,
				452FFA7F1F6BC50D003A98B1 /* b2ChainAndPolygonContact.cpp in Sources */,
				452FF9E11F64D219003A98B1 /* player animation component.cpp in Sources */,
				452FFA911F6BC50D003A98B1 /* b2WeldJoint.cpp in Sources */,
				452FFA821F6BC50D003A98B1 /* b2ContactSolver.cpp in Sources */,
				4541161D1F523D8200C2865B /* camera zoom.cpp in Sources */,
				452FFA7D1F6BC50D003A98B1 /* b2WorldCallbacks.cpp in Sources */,
				452FFA6A1F6BC50D003A98B1 /* b2Collision.cpp in Sources */,
				4538907B1F2ADB4B007EBB5A /* string to scancode.cpp in Sources */,
				452FFA891F6BC50D003A98B1 /* b2GearJoint.cpp in Sources */,
				453890721F2ADB13007EBB5A /* app impl.cpp in Sources */,
				452FFA7B1F6BC50D003A98B1 /* b2Island.cpp in Sources */,
				452FFA841F6BC50D003A98B1 /* b2EdgeAndPolygonContact.cpp in Sources */,
				453892D31F2AF877007EBB5A /* physics system.cpp in Sources */,
				4541161A1F523D7400C2865B /* camera pos.cpp in Sources */,
				452FFA661F6BC50D003A98B1 /* b2BroadPhase.cpp in Sources */,
				452FFA781F6BC50D003A98B1 /* b2Body.cpp in Sources */,
				4509F8CF1F5A395100927A19 /* vector sprite.cpp in Sources */,
				45DE9FAC1F6D102A00B1DA72 /* yaml param.cpp in Sources */,
				452FFA921F6BC50D003A98B1 /* b2WheelJoint.cpp in Sources */,
				4534A6111F51289B00F3AC06 /* debug input.cpp in Sources */,
				45DE9FB61F6E02AF00B1DA72 /* static vector animation component.cpp in Sources */,
				454116201F523DA500C2865B /* camera motion track.cpp in Sources */,
				453893091F2D6F21007EBB5A /* debug draw.cpp in Sources */,
				4509F8F61F5D359B00927A19 /* vector render.cpp in Sources */,
				453892EF1F2C2487007EBB5A /* rendering system.cpp in Sources */,
				453892E51F2C1757007EBB5A /* input system.cpp in Sources */,
				452FFA731F6BC50D003A98B1 /* b2Draw.cpp in Sources */,
				452FFA741F6BC50D003A98B1 /* b2Math.cpp in Sources */,
				452FFA7C1F6BC50D003A98B1 /* b2World.cpp in Sources */,
				452FFA8E1F6BC50D003A98B1 /* b2PulleyJoint.cpp in Sources */,
				453892E21F2C1206007EBB5A /* input component.cpp in Sources */,
				4509F8FF1F5E7E2500927A19 /* vector line shape.cpp in Sources */,
				453892FB1F2C4209007EBB5A /* entity manager.cpp in Sources */,
				452FFA8D1F6BC50D003A98B1 /* b2PrismaticJoint.cpp in Sources */,
				452FFA861F6BC50D003A98B1 /* b2PolygonContact.cpp in Sources */,
				452FFA901F6BC50D003A98B1 /* b2RopeJoint.cpp in Sources */,
				452FF9F91F6BB83E003A98B1 /* sprite test app.cpp in Sources */,
				454116351F5622D700C2865B /* camera zoom track.cpp in Sources */,
				452FFA001F6BBF41003A98B1 /* stb_image_write.c in Sources */,
				4509F9021F5E816F00927A19 /* yaml helper.cpp in Sources */,
				452FFA801F6BC50D003A98B1 /* b2CircleContact.cpp in Sources */,
				452FFA7E1F6BC50D003A98B1 /* b2ChainAndCircleContact.cpp in Sources */,
				454116301F5405FD00C2865B /* camera props.cpp in Sources */,
				45FA99451F36A12A00F8C639 /* register collision listeners.cpp in Sources */,
				45FA99181F33104200F8C639 /* simple physics component.cpp in Sources */,
				45FA99151F330A1E00F8C639 /* player physics component.cpp in Sources */,
				452FFA871F6BC50D003A98B1 /* b2DistanceJoint.cpp in Sources */,
				452FFA6C1F6BC50D003A98B1 /* b2DynamicTree.cpp in Sources */,
				452FFA8B1F6BC50D003A98B1 /* b2MotorJoint.cpp in Sources */,
				452FFA6B1F6BC50D003A98B1 /* b2Distance.cpp in Sources */,
				45DE9FA41F6CADA400B1DA72 /* physics file.cpp in Sources */,
				4538930C1F2D6F5D007EBB5A /* camera.cpp in Sources */,
				4509F9051F5E8EC200927A19 /* vector circle shape.cpp in Sources */,
				452FFA8C1F6BC50D003A98B1 /* b2MouseJoint.cpp in Sources */,
				452FF9FE1F6BBF26003A98B1 /* framebuffer to png.cpp in Sources */,
				452FFA931F6BC50D003A98B1 /* b2Rope.cpp in Sources */,
				453892D61F2B0074007EBB5A /* entity.cpp in Sources */,
				4509F8E61F5CE20000927A19 /* rendering context.cpp in Sources */,
				4509F8E21F5BB23600927A19 /* vector sprite render component.cpp in Sources */,
				452FFA881F6BC50D003A98B1 /* b2FrictionJoint.cpp in Sources */,
				452FFA6E1F6BC50D003A98B1 /* b2ChainShape.cpp in Sources */,
				4541162A1F5255CD00C2865B /* camera window size.cpp in Sources */,
				453892E81F2C1A06007EBB5A /* player input component.cpp in Sources */,
				452FFA761F6BC50D003A98B1 /* b2StackAllocator.cpp in Sources */,
				453892D01F2AF7FE007EBB5A /* physics component.cpp in Sources */,
				452FFA791F6BC50D003A98B1 /* b2ContactManager.cpp in Sources */,
				4509F8D21F5A414800927A19 /* vector file.cpp in Sources */,
				453893011F2C4D6B007EBB5A /* platform.cpp in Sources */,
				452FFA8F1F6BC50D003A98B1 /* b2RevoluteJoint.cpp in Sources */,
				452FFA721F6BC50D003A98B1 /* b2BlockAllocator.cpp in Sources */,
				452FFA6D1F6BC50D003A98B1 /* b2TimeOfImpact.cpp in Sources */,
				452FFA671F6BC50D003A98B1 /* b2CollideCircle.cpp in Sources */,
				452FFA7A1F6BC50D003A98B1 /* b2Fixture.cpp in Sources */,
				452FFA8A1F6BC50D003A98B1 /* b2Joint.cpp in Sources */,
				452FFA851F6BC50D003A98B1 /* b2PolygonAndCircleContact.cpp in Sources */,
				453892CC1F2AF420007EBB5A /* render component.cpp in Sources */,
				45DE9FA71F6D01F800B1DA72 /* make physics comp.cpp in Sources */,
				45FA993F1F35476400F8C639 /* contact listener.cpp in Sources */,
				452FFA701F6BC50D003A98B1 /* b2EdgeShape.cpp in Sources */,
				453479561F1F0E6D0083743E /* main.cpp in Sources */,
				452FFA811F6BC50D003A98B1 /* b2Contact.cpp in Sources */,
				453892D91F2B0479007EBB5A /* player.cpp in Sources */,
			);
			runOnlyForDeploymentPostprocessing = 0;
		};
/* End PBXSourcesBuildPhase section */

/* Begin XCBuildConfiguration section */
		4592BADE1F11B48F00D1640D /* Debug */ = {
			isa = XCBuildConfiguration;
			buildSettings = {
				ALWAYS_SEARCH_USER_PATHS = NO;
				CLANG_ANALYZER_NONNULL = YES;
				CLANG_ANALYZER_NUMBER_OBJECT_CONVERSION = YES_AGGRESSIVE;
				CLANG_CXX_LANGUAGE_STANDARD = "gnu++0x";
				CLANG_CXX_LIBRARY = "libc++";
				CLANG_ENABLE_MODULES = YES;
				CLANG_ENABLE_OBJC_ARC = YES;
				CLANG_WARN_BOOL_CONVERSION = YES;
				CLANG_WARN_CONSTANT_CONVERSION = YES;
				CLANG_WARN_DIRECT_OBJC_ISA_USAGE = YES_ERROR;
				CLANG_WARN_DOCUMENTATION_COMMENTS = YES;
				CLANG_WARN_EMPTY_BODY = YES;
				CLANG_WARN_ENUM_CONVERSION = YES;
				CLANG_WARN_INFINITE_RECURSION = YES;
				CLANG_WARN_INT_CONVERSION = YES;
				CLANG_WARN_OBJC_ROOT_CLASS = YES_ERROR;
				CLANG_WARN_SUSPICIOUS_MOVE = YES;
				CLANG_WARN_UNREACHABLE_CODE = YES;
				CLANG_WARN__DUPLICATE_METHOD_MATCH = YES;
				CODE_SIGN_IDENTITY = "-";
				COPY_PHASE_STRIP = NO;
				DEBUG_INFORMATION_FORMAT = dwarf;
				ENABLE_STRICT_OBJC_MSGSEND = YES;
				ENABLE_TESTABILITY = YES;
				GCC_C_LANGUAGE_STANDARD = gnu99;
				GCC_DYNAMIC_NO_PIC = NO;
				GCC_NO_COMMON_BLOCKS = YES;
				GCC_OPTIMIZATION_LEVEL = 0;
				GCC_PREPROCESSOR_DEFINITIONS = (
					"DEBUG=1",
					"$(inherited)",
				);
				GCC_WARN_64_TO_32_BIT_CONVERSION = YES;
				GCC_WARN_ABOUT_RETURN_TYPE = YES_ERROR;
				GCC_WARN_UNDECLARED_SELECTOR = YES;
				GCC_WARN_UNINITIALIZED_AUTOS = YES_AGGRESSIVE;
				GCC_WARN_UNUSED_FUNCTION = YES;
				GCC_WARN_UNUSED_VARIABLE = YES;
				MACOSX_DEPLOYMENT_TARGET = 10.12;
				MTL_ENABLE_DEBUG_INFO = YES;
				ONLY_ACTIVE_ARCH = YES;
				SDKROOT = macosx;
				SWIFT_ACTIVE_COMPILATION_CONDITIONS = DEBUG;
				SWIFT_OPTIMIZATION_LEVEL = "-Onone";
			};
			name = Debug;
		};
		4592BADF1F11B48F00D1640D /* Release */ = {
			isa = XCBuildConfiguration;
			buildSettings = {
				ALWAYS_SEARCH_USER_PATHS = NO;
				CLANG_ANALYZER_NONNULL = YES;
				CLANG_ANALYZER_NUMBER_OBJECT_CONVERSION = YES_AGGRESSIVE;
				CLANG_CXX_LANGUAGE_STANDARD = "gnu++0x";
				CLANG_CXX_LIBRARY = "libc++";
				CLANG_ENABLE_MODULES = YES;
				CLANG_ENABLE_OBJC_ARC = YES;
				CLANG_WARN_BOOL_CONVERSION = YES;
				CLANG_WARN_CONSTANT_CONVERSION = YES;
				CLANG_WARN_DIRECT_OBJC_ISA_USAGE = YES_ERROR;
				CLANG_WARN_DOCUMENTATION_COMMENTS = YES;
				CLANG_WARN_EMPTY_BODY = YES;
				CLANG_WARN_ENUM_CONVERSION = YES;
				CLANG_WARN_INFINITE_RECURSION = YES;
				CLANG_WARN_INT_CONVERSION = YES;
				CLANG_WARN_OBJC_ROOT_CLASS = YES_ERROR;
				CLANG_WARN_SUSPICIOUS_MOVE = YES;
				CLANG_WARN_UNREACHABLE_CODE = YES;
				CLANG_WARN__DUPLICATE_METHOD_MATCH = YES;
				CODE_SIGN_IDENTITY = "-";
				COPY_PHASE_STRIP = NO;
				DEBUG_INFORMATION_FORMAT = "dwarf-with-dsym";
				ENABLE_NS_ASSERTIONS = NO;
				ENABLE_STRICT_OBJC_MSGSEND = YES;
				GCC_C_LANGUAGE_STANDARD = gnu99;
				GCC_NO_COMMON_BLOCKS = YES;
				GCC_WARN_64_TO_32_BIT_CONVERSION = YES;
				GCC_WARN_ABOUT_RETURN_TYPE = YES_ERROR;
				GCC_WARN_UNDECLARED_SELECTOR = YES;
				GCC_WARN_UNINITIALIZED_AUTOS = YES_AGGRESSIVE;
				GCC_WARN_UNUSED_FUNCTION = YES;
				GCC_WARN_UNUSED_VARIABLE = YES;
				MACOSX_DEPLOYMENT_TARGET = 10.12;
				MTL_ENABLE_DEBUG_INFO = NO;
				SDKROOT = macosx;
				SWIFT_OPTIMIZATION_LEVEL = "-Owholemodule";
			};
			name = Release;
		};
		4592BAE11F11B48F00D1640D /* Debug */ = {
			isa = XCBuildConfiguration;
			buildSettings = {
				ASSETCATALOG_COMPILER_APPICON_NAME = AppIcon;
				CLANG_CXX_LANGUAGE_STANDARD = "compiler-default";
				COMBINE_HIDPI_IMAGES = YES;
				FRAMEWORK_SEARCH_PATHS = "";
				HEADER_SEARCH_PATHS = (
					/usr/local/include,
					"/usr/local/Cellar/sdl2_gfx/**",
					/usr/local/include/NumDisplay/,
					"/usr/local/Cellar/sdl2/**",
					"/usr/local/Cellar/sdl2_ttf/**",
					"/usr/local/Cellar/yaml-cpp/**",
					"/usr/local/include/Simpleton/**",
					"/usr/local/Cellar/glew/**",
				);
				INFOPLIST_FILE = Catastrophe/Info.plist;
				LD_RUNPATH_SEARCH_PATHS = "$(inherited) @executable_path/../Frameworks";
				LIBRARY_SEARCH_PATHS = (
					/usr/local/lib,
					"/usr/local/Cellar/sdl2/**",
					"/usr/local/Cellar/sdl2_ttf/**",
					"/usr/local/Cellar/yaml-cpp/**",
					"/usr/local/Cellar/sdl2_gfx/**",
					/usr/local/Cellar/glew/2.1.0/lib,
				);
				OTHER_CPLUSPLUSFLAGS = (
					"$(OTHER_CFLAGS)",
					"-Wall",
					"-Wextra",
					"-Weffc++",
					"-Wpedantic",
					"-Wextra-semi",
					"-Wno-documentation",
					"-std=c++1z",
				);
				PRODUCT_BUNDLE_IDENTIFIER = "Indi-Kernick.Catastrophe";
				PRODUCT_NAME = "$(TARGET_NAME)";
				SWIFT_VERSION = 3.0;
			};
			name = Debug;
		};
		4592BAE21F11B48F00D1640D /* Release */ = {
			isa = XCBuildConfiguration;
			buildSettings = {
				ASSETCATALOG_COMPILER_APPICON_NAME = AppIcon;
				CLANG_CXX_LANGUAGE_STANDARD = "compiler-default";
				COMBINE_HIDPI_IMAGES = YES;
				FRAMEWORK_SEARCH_PATHS = "";
				HEADER_SEARCH_PATHS = (
					/usr/local/include,
					"/usr/local/Cellar/sdl2_gfx/**",
					/usr/local/include/NumDisplay/,
					"/usr/local/Cellar/sdl2/**",
					"/usr/local/Cellar/sdl2_ttf/**",
					"/usr/local/Cellar/yaml-cpp/**",
					"/usr/local/include/Simpleton/**",
					"/usr/local/Cellar/glew/**",
				);
				INFOPLIST_FILE = Catastrophe/Info.plist;
				LD_RUNPATH_SEARCH_PATHS = "$(inherited) @executable_path/../Frameworks";
				LIBRARY_SEARCH_PATHS = (
					/usr/local/lib,
					"/usr/local/Cellar/sdl2/**",
					"/usr/local/Cellar/sdl2_ttf/**",
					"/usr/local/Cellar/yaml-cpp/**",
					"/usr/local/Cellar/sdl2_gfx/**",
					/usr/local/Cellar/glew/2.1.0/lib,
				);
				OTHER_CPLUSPLUSFLAGS = (
					"$(OTHER_CFLAGS)",
					"-Wall",
					"-Wextra",
					"-Weffc++",
					"-Wpedantic",
					"-Wextra-semi",
					"-Wno-documentation",
					"-std=c++1z",
				);
				PRODUCT_BUNDLE_IDENTIFIER = "Indi-Kernick.Catastrophe";
				PRODUCT_NAME = "$(TARGET_NAME)";
				SWIFT_VERSION = 3.0;
			};
			name = Release;
		};
/* End XCBuildConfiguration section */

/* Begin XCConfigurationList section */
		4592BACC1F11B48F00D1640D /* Build configuration list for PBXProject "Catastrophe" */ = {
			isa = XCConfigurationList;
			buildConfigurations = (
				4592BADE1F11B48F00D1640D /* Debug */,
				4592BADF1F11B48F00D1640D /* Release */,
			);
			defaultConfigurationIsVisible = 0;
			defaultConfigurationName = Release;
		};
		4592BAE01F11B48F00D1640D /* Build configuration list for PBXNativeTarget "Catastrophe" */ = {
			isa = XCConfigurationList;
			buildConfigurations = (
				4592BAE11F11B48F00D1640D /* Debug */,
				4592BAE21F11B48F00D1640D /* Release */,
			);
			defaultConfigurationIsVisible = 0;
			defaultConfigurationName = Release;
		};
/* End XCConfigurationList section */
	};
	rootObject = 4592BAC91F11B48F00D1640D /* Project object */;
}
